PODS:
  - Alamofire (4.8.2)
  - AWSAPIGateway (2.9.9):
    - AWSCore (= 2.9.9)
  - AWSAuthCore (2.9.9):
    - AWSCore (= 2.9.9)
  - AWSAuthUI (2.9.9):
    - AWSAuthCore (= 2.9.9)
    - AWSCore (= 2.9.9)
  - AWSCognitoIdentityProvider (2.9.9):
    - AWSCognitoIdentityProviderASF (= 1.0.1)
    - AWSCore (= 2.9.9)
  - AWSCognitoIdentityProviderASF (1.0.1)
  - AWSCore (2.9.9)
  - AWSMobileClient (2.9.9):
    - AWSAuthCore (= 2.9.9)
    - AWSCognitoIdentityProvider (= 2.9.9)
  - AWSS3 (2.9.9):
    - AWSCore (= 2.9.9)
  - AWSUserPoolsSignIn (2.9.9):
    - AWSAuthCore (= 2.9.9)
    - AWSCognitoIdentityProvider (= 2.9.9)
  - CollectionKit (2.4.0):
    - CollectionKit/Core (= 2.4.0)
  - CollectionKit/Core (2.4.0)
  - CollectionKit/WobbleAnimator (2.4.0):
    - CollectionKit/Core
    - YetAnotherAnimationLibrary (~> 1.4.0)
  - CollectionViewSlantedLayout (3.1.1)
  - Eureka (4.3.1)
  - FoldingCell (5.0.1)
  - FSCalendar (2.8.0)
  - GenericPasswordRow (3.0.0):
    - Eureka (~> 4.0)
  - Google-Mobile-Ads-SDK (7.46.0):
    - GoogleAppMeasurement (~> 6.0)
  - GoogleAppMeasurement (6.0.2):
    - GoogleUtilities/AppDelegateSwizzler (~> 6.0)
    - GoogleUtilities/MethodSwizzler (~> 6.0)
    - GoogleUtilities/Network (~> 6.0)
    - "GoogleUtilities/NSData+zlib (~> 6.0)"
    - nanopb (~> 0.3)
  - GoogleMaps (3.7.0):
    - GoogleMaps/Maps (= 3.7.0)
  - GoogleMaps/Base (3.7.0)
  - GoogleMaps/Maps (3.7.0):
    - GoogleMaps/Base
  - GooglePlaces (3.7.0):
    - GoogleMaps/Base (= 3.7.0)
  - GoogleUtilities/AppDelegateSwizzler (6.2.1):
    - GoogleUtilities/Environment
    - GoogleUtilities/Logger
    - GoogleUtilities/Network
  - GoogleUtilities/Environment (6.2.1)
  - GoogleUtilities/Logger (6.2.1):
    - GoogleUtilities/Environment
  - GoogleUtilities/MethodSwizzler (6.2.1):
    - GoogleUtilities/Logger
  - GoogleUtilities/Network (6.2.1):
    - GoogleUtilities/Logger
    - "GoogleUtilities/NSData+zlib"
    - GoogleUtilities/Reachability
  - "GoogleUtilities/NSData+zlib (6.2.1)"
  - GoogleUtilities/Reachability (6.2.1):
    - GoogleUtilities/Logger
  - JASON (3.1)
  - JTAppleCalendar (7.1.7)
  - LGButton (1.1.6)
  - LNZTreeView (1.1.2)
  - MagazineLayout (1.4.6)
  - nanopb (0.3.901):
    - nanopb/decode (= 0.3.901)
    - nanopb/encode (= 0.3.901)
  - nanopb/decode (0.3.901)
  - nanopb/encode (0.3.901)
  - paper-onboarding (6.1.3)
  - Pickle (1.4.0)
  - PryntTrimmerView (3.0.0)
  - RAMAnimatedTabBarController (5.0.1)
  - RAMReel (4.1.0)
  - RATreeView (2.1.2)
  - SkyFloatingLabelTextField (3.7.0)
  - SteviaLayout (4.4.4)
  - SwiftyAvatar (1.1.3)
  - TransitionButton (0.5.2)
  - TweeTextField (1.5.1)
  - YetAnotherAnimationLibrary (1.4.0)
  - YPImagePicker (4.0.0):
    - PryntTrimmerView (~> 3.0.0)
    - SteviaLayout (~> 4.4.1)

DEPENDENCIES:
  - Alamofire
  - AWSAPIGateway
  - AWSAuthUI
  - AWSMobileClient (~> 2.9.0)
  - AWSS3
  - AWSUserPoolsSignIn
  - CollectionKit
  - CollectionKit/WobbleAnimator
  - CollectionViewSlantedLayout (~> 3.1)
  - Eureka (~> 4.0)
  - FoldingCell
  - FSCalendar
  - GenericPasswordRow (~> 3.0)
  - Google-Mobile-Ads-SDK
  - GoogleMaps
  - GooglePlaces
  - JASON (~> 3.0)
  - JTAppleCalendar (~> 7.1)
  - LGButton
  - LNZTreeView
  - MagazineLayout
  - paper-onboarding
  - Pickle
  - RAMAnimatedTabBarController
  - RAMReel
  - RATreeView (~> 2.1.2)
  - SkyFloatingLabelTextField (~> 3.0)
  - SwiftyAvatar (~> 1.1)
  - TransitionButton
  - TweeTextField
  - YPImagePicker

SPEC REPOS:
  https://github.com/CocoaPods/Specs.git:
    - Alamofire
    - AWSAPIGateway
    - AWSAuthCore
    - AWSAuthUI
    - AWSCognitoIdentityProvider
    - AWSCognitoIdentityProviderASF
    - AWSCore
    - AWSMobileClient
    - AWSS3
    - AWSUserPoolsSignIn
    - CollectionKit
    - CollectionViewSlantedLayout
    - Eureka
    - FoldingCell
    - FSCalendar
    - GenericPasswordRow
    - Google-Mobile-Ads-SDK
    - GoogleAppMeasurement
    - GoogleUtilities
    - JASON
    - JTAppleCalendar
    - LGButton
    - LNZTreeView
    - MagazineLayout
    - nanopb
    - paper-onboarding
    - Pickle
    - PryntTrimmerView
    - RAMAnimatedTabBarController
    - RAMReel
    - RATreeView
    - SkyFloatingLabelTextField
    - SteviaLayout
    - SwiftyAvatar
    - TransitionButton
    - TweeTextField
    - YetAnotherAnimationLibrary
    - YPImagePicker
  trunk:
    - GoogleMaps
    - GooglePlaces

SPEC CHECKSUMS:
  Alamofire: ae5c501addb7afdbb13687d7f2f722c78734c2d3
  AWSAPIGateway: a4803748da96933c88e50668d284d1318e14d172
  AWSAuthCore: cf17233a3bb8fd8b6b8a80ec651c4d44f67e3e9e
  AWSAuthUI: bfceb71189fd4e3cc549cae5c8198245654bc833
  AWSCognitoIdentityProvider: aab6a2cf2d6e734367b2b6ec6d89d24970d14398
  AWSCognitoIdentityProviderASF: f94f1a502e72ef3d0a1de93e10bf7a79c8698118
  AWSCore: 705dbb60efeec05bc6bbee416e7f5e9837af0749
  AWSMobileClient: f290953e3554a3b0a27eace67297b5f39775ed48
  AWSS3: fd75bd3b80d832398308d0b82b6e1d973db5dd34
  AWSUserPoolsSignIn: dba853e8fefc767b1c923eca4f9bafaa31ba98c0
  CollectionKit: 8f01e7629185bb81072c4aa734d105df5c2d1c8b
  CollectionViewSlantedLayout: 24397455acd2461960bc45d394e0ef99c17d03ce
  Eureka: 28ea296f06710f6745266b71f17862048941a32d
  FoldingCell: 9197b915a415af9e52a857964066797af6a51c2b
  FSCalendar: 3a5ed3636e2ba1b83ebebfcf0c2603105a6f5efe
  GenericPasswordRow: 27a52c727c47b2e4d50c2295d1cc7d32c5883e70
  Google-Mobile-Ads-SDK: 4bff3a7d621555f2317813e495fecce745681f7e
  GoogleAppMeasurement: a35a645835bae31b6bdc0576396bc23908f12a22
  GoogleMaps: 55da829c68aa931f3ae982b9e341cc2f3d89c587
  GooglePlaces: a62077320f9d64239245af63aa1aa136393ebeb6
  GoogleUtilities: c7a0b08bda3bf808be823ed151f0e28ac6866e71
  JASON: c1204b01c9979eef35b6948ca939aac5e7bef081
  JTAppleCalendar: 96da4d8388fa6dc82d6a60d41ef36a015e167e2f
  LGButton: 9f0a7f9d3030e3f504108342f6b66d64a429371b
  LNZTreeView: f04b4a96e5780f5071f8c08b0f6f6554775e46f4
  MagazineLayout: 2e1065339637d900b78a1e74cdeea0085b0e6882
  nanopb: 2901f78ea1b7b4015c860c2fdd1ea2fee1a18d48
  paper-onboarding: 47ded9ede6ae9dd7ec135dddd8bd3e170b79d799
  Pickle: 28753955cbcd9cc1a7b44624e49c61e182f3bbd7
  PryntTrimmerView: 53ac64053c7ce63cb3e27f54090f52da0734891d
  RAMAnimatedTabBarController: ec36fba2fa4679fd36db55098e3477fe9bd79f52
  RAMReel: 198e41f62d65f54c44797679ade03b4a1cef9709
  RATreeView: 380cde0090cfde21dc6ac29137f49d3b768fdd28
  SkyFloatingLabelTextField: 4b46db0ab1ccde0919cded29c656e6b4805eda04
  SteviaLayout: 523469269059f2c6da02820bb2ff28a5fe0780aa
  SwiftyAvatar: 33aecda825c91851cac2aabd06b33f3698b2414c
  TransitionButton: fb271583d9c9e4bb116b97103047e5157653f233
  TweeTextField: 18c7c8990a4a0926ce8ba73fc87e52df4f26805b
  YetAnotherAnimationLibrary: 7f808b10c2d193dd3e82407e722fa60aa0bdff2d
  YPImagePicker: 8039f89ad79281545fa868486f32d9bf5d65ede1

PODFILE CHECKSUM: 1f285ac93de60250a18b4d3c3cd46cc716c36ae7

COCOAPODS: 1.8.4
