// !$*UTF8*$!
{
	archiveVersion = 1;
	classes = {
	};
	objectVersion = 51;
	objects = {

/* Begin PBXBuildFile section */
		173C4C76B569C803D493D992 /* Pods_BarangayInformationManagementSystemUITests.framework in Frameworks */ = {isa = PBXBuildFile; fileRef = 84331AD3452D31755402F97F /* Pods_BarangayInformationManagementSystemUITests.framework */; };
		2C99984A3CB6C698D37D0D7D /* Pods_BarangayInformationManagementSystemTests.framework in Frameworks */ = {isa = PBXBuildFile; fileRef = A11BFA28C9D016D8EDFDD8A9 /* Pods_BarangayInformationManagementSystemTests.framework */; };
		AB05694F22D36DC70096416E /* NewsViewController.swift in Sources */ = {isa = PBXBuildFile; fileRef = AB05694E22D36DC70096416E /* NewsViewController.swift */; };
		AB05695122D36E950096416E /* DetailViewController.swift in Sources */ = {isa = PBXBuildFile; fileRef = AB05695022D36E950096416E /* DetailViewController.swift */; };
		AB05695522D3806B0096416E /* TableCell.swift in Sources */ = {isa = PBXBuildFile; fileRef = AB05695422D3806B0096416E /* TableCell.swift */; };
		AB05695B22D3FBC70096416E /* EventsViewController.swift in Sources */ = {isa = PBXBuildFile; fileRef = AB05695A22D3FBC70096416E /* EventsViewController.swift */; };
		AB05695F22D4025A0096416E /* ComplaintsDetail.swift in Sources */ = {isa = PBXBuildFile; fileRef = AB05695E22D4025A0096416E /* ComplaintsDetail.swift */; };
		AB05696722D4D4950096416E /* PhotoPicker.swift in Sources */ = {isa = PBXBuildFile; fileRef = AB05696622D4D4950096416E /* PhotoPicker.swift */; };
		AB05696A22D61EF20096416E /* BusinessPermits.swift in Sources */ = {isa = PBXBuildFile; fileRef = AB05696922D61EF20096416E /* BusinessPermits.swift */; };
		AB05697422D6A03C0096416E /* RegisterUser.swift in Sources */ = {isa = PBXBuildFile; fileRef = AB05697322D6A03C0096416E /* RegisterUser.swift */; };
		AB05697822D754C20096416E /* ImagePickerController.swift in Sources */ = {isa = PBXBuildFile; fileRef = AB05697622D754C20096416E /* ImagePickerController.swift */; };
		AB05697922D754C20096416E /* ImageRow.swift in Sources */ = {isa = PBXBuildFile; fileRef = AB05697722D754C20096416E /* ImageRow.swift */; };
		AB05697B22D757E20096416E /* EmojiCell.xib in Resources */ = {isa = PBXBuildFile; fileRef = AB05697A22D757E20096416E /* EmojiCell.xib */; };
		AB05697D22D758200096416E /* CustomCells.swift in Sources */ = {isa = PBXBuildFile; fileRef = AB05697C22D758200096416E /* CustomCells.swift */; };
		AB05698122D7F0AA0096416E /* ComplaintCategory.swift in Sources */ = {isa = PBXBuildFile; fileRef = AB05698022D7F0AA0096416E /* ComplaintCategory.swift */; };
		AB05D5B322E09F2C00D60F45 /* BarangayUtil.swift in Sources */ = {isa = PBXBuildFile; fileRef = AB05D5B222E09F2C00D60F45 /* BarangayUtil.swift */; };
		AB05D5CC22E3037A00D60F45 /* JSONEncodableEncoding.swift in Sources */ = {isa = PBXBuildFile; fileRef = AB05D5B422E3037800D60F45 /* JSONEncodableEncoding.swift */; };
		AB05D5CD22E3037A00D60F45 /* Configuration.swift in Sources */ = {isa = PBXBuildFile; fileRef = AB05D5B522E3037800D60F45 /* Configuration.swift */; };
		AB05D5CE22E3037A00D60F45 /* APIs.swift in Sources */ = {isa = PBXBuildFile; fileRef = AB05D5B622E3037800D60F45 /* APIs.swift */; };
		AB05D5CF22E3037A00D60F45 /* Extensions.swift in Sources */ = {isa = PBXBuildFile; fileRef = AB05D5B722E3037800D60F45 /* Extensions.swift */; };
		AB05D5D022E3037A00D60F45 /* APIHelper.swift in Sources */ = {isa = PBXBuildFile; fileRef = AB05D5B822E3037900D60F45 /* APIHelper.swift */; };
		AB05D5D122E3037A00D60F45 /* AlamofireImplementations.swift in Sources */ = {isa = PBXBuildFile; fileRef = AB05D5B922E3037900D60F45 /* AlamofireImplementations.swift */; };
		AB05D5D222E3037A00D60F45 /* BarangayEventModel.swift in Sources */ = {isa = PBXBuildFile; fileRef = AB05D5BB22E3037900D60F45 /* BarangayEventModel.swift */; };
		AB05D5D322E3037A00D60F45 /* BarangayEventArray.swift in Sources */ = {isa = PBXBuildFile; fileRef = AB05D5BC22E3037900D60F45 /* BarangayEventArray.swift */; };
		AB05D5D422E3037A00D60F45 /* Empty.swift in Sources */ = {isa = PBXBuildFile; fileRef = AB05D5BD22E3037900D60F45 /* Empty.swift */; };
		AB05D5D522E3037A00D60F45 /* BarangayComplaintArray.swift in Sources */ = {isa = PBXBuildFile; fileRef = AB05D5BE22E3037900D60F45 /* BarangayComplaintArray.swift */; };
		AB05D5D622E3037A00D60F45 /* BarangayComplaintModel.swift in Sources */ = {isa = PBXBuildFile; fileRef = AB05D5BF22E3037900D60F45 /* BarangayComplaintModel.swift */; };
		AB05D5D722E3037A00D60F45 /* BarangayAttachmentModel.swift in Sources */ = {isa = PBXBuildFile; fileRef = AB05D5C022E3037900D60F45 /* BarangayAttachmentModel.swift */; };
		AB05D5D822E3037A00D60F45 /* BarangayPermitModel.swift in Sources */ = {isa = PBXBuildFile; fileRef = AB05D5C122E3037900D60F45 /* BarangayPermitModel.swift */; };
		AB05D5D922E3037A00D60F45 /* BarangayPermitArray.swift in Sources */ = {isa = PBXBuildFile; fileRef = AB05D5C222E3037900D60F45 /* BarangayPermitArray.swift */; };
		AB05D5DA22E3037A00D60F45 /* BarangayUserArray.swift in Sources */ = {isa = PBXBuildFile; fileRef = AB05D5C322E3037900D60F45 /* BarangayUserArray.swift */; };
		AB05D5DB22E3037A00D60F45 /* BarangayUserModel.swift in Sources */ = {isa = PBXBuildFile; fileRef = AB05D5C422E3037900D60F45 /* BarangayUserModel.swift */; };
		AB05D5DC22E3037A00D60F45 /* BarangayDocumentArray.swift in Sources */ = {isa = PBXBuildFile; fileRef = AB05D5C522E3037900D60F45 /* BarangayDocumentArray.swift */; };
		AB05D5DD22E3037A00D60F45 /* BarangayDocumentModel.swift in Sources */ = {isa = PBXBuildFile; fileRef = AB05D5C622E3037900D60F45 /* BarangayDocumentModel.swift */; };
		AB05D5DE22E3037A00D60F45 /* DefaultAPI.swift in Sources */ = {isa = PBXBuildFile; fileRef = AB05D5C822E3037900D60F45 /* DefaultAPI.swift */; };
		AB05D5DF22E3037A00D60F45 /* CodableHelper.swift in Sources */ = {isa = PBXBuildFile; fileRef = AB05D5C922E3037900D60F45 /* CodableHelper.swift */; };
		AB05D5E022E3037A00D60F45 /* JSONEncodingHelper.swift in Sources */ = {isa = PBXBuildFile; fileRef = AB05D5CA22E3037A00D60F45 /* JSONEncodingHelper.swift */; };
		AB05D5E122E3037A00D60F45 /* Models.swift in Sources */ = {isa = PBXBuildFile; fileRef = AB05D5CB22E3037A00D60F45 /* Models.swift */; };
		AB05D5E322E32FBB00D60F45 /* TableCell_Status.swift in Sources */ = {isa = PBXBuildFile; fileRef = AB05D5E222E32FBB00D60F45 /* TableCell_Status.swift */; };
		AB068FDB22D9BF87004E1881 /* BarangayClearance.swift in Sources */ = {isa = PBXBuildFile; fileRef = AB068FDA22D9BF87004E1881 /* BarangayClearance.swift */; };
		AB068FDE22D9C26B004E1881 /* Artwork.swift in Sources */ = {isa = PBXBuildFile; fileRef = AB068FDC22D9C26B004E1881 /* Artwork.swift */; };
		AB068FDF22D9C26B004E1881 /* Recipe.swift in Sources */ = {isa = PBXBuildFile; fileRef = AB068FDD22D9C26B004E1881 /* Recipe.swift */; };
		AB06911222DA0B16004E1881 /* TabBarController.swift in Sources */ = {isa = PBXBuildFile; fileRef = AB06911122DA0B16004E1881 /* TabBarController.swift */; };
		AB06911322DA0B16004E1881 /* TabBarController.swift in Sources */ = {isa = PBXBuildFile; fileRef = AB06911122DA0B16004E1881 /* TabBarController.swift */; };
		AB06911422DA0B16004E1881 /* TabBarController.swift in Sources */ = {isa = PBXBuildFile; fileRef = AB06911122DA0B16004E1881 /* TabBarController.swift */; };
		AB06911622DA19E6004E1881 /* CheckStatus.swift in Sources */ = {isa = PBXBuildFile; fileRef = AB06911522DA19E6004E1881 /* CheckStatus.swift */; };
		AB06911722DA19E6004E1881 /* CheckStatus.swift in Sources */ = {isa = PBXBuildFile; fileRef = AB06911522DA19E6004E1881 /* CheckStatus.swift */; };
		AB06911822DA19E6004E1881 /* CheckStatus.swift in Sources */ = {isa = PBXBuildFile; fileRef = AB06911522DA19E6004E1881 /* CheckStatus.swift */; };
		AB06917522DABA91004E1881 /* Events.swift in Sources */ = {isa = PBXBuildFile; fileRef = AB06917422DABA91004E1881 /* Events.swift */; };
		AB06917622DABA91004E1881 /* Events.swift in Sources */ = {isa = PBXBuildFile; fileRef = AB06917422DABA91004E1881 /* Events.swift */; };
		AB06917722DABA91004E1881 /* Events.swift in Sources */ = {isa = PBXBuildFile; fileRef = AB06917422DABA91004E1881 /* Events.swift */; };
		AB06917922DADD63004E1881 /* AWSS3Downloader.swift in Sources */ = {isa = PBXBuildFile; fileRef = AB06917822DADD63004E1881 /* AWSS3Downloader.swift */; };
		AB06917A22DADD63004E1881 /* AWSS3Downloader.swift in Sources */ = {isa = PBXBuildFile; fileRef = AB06917822DADD63004E1881 /* AWSS3Downloader.swift */; };
		AB06917B22DADD63004E1881 /* AWSS3Downloader.swift in Sources */ = {isa = PBXBuildFile; fileRef = AB06917822DADD63004E1881 /* AWSS3Downloader.swift */; };
		AB2D868723B70DC400BC0838 /* Recipe.swift in Sources */ = {isa = PBXBuildFile; fileRef = AB068FDD22D9C26B004E1881 /* Recipe.swift */; };
		AB2D868823B70DC400BC0838 /* Recipe.swift in Sources */ = {isa = PBXBuildFile; fileRef = AB068FDD22D9C26B004E1881 /* Recipe.swift */; };
		AB2D868923B7109E00BC0838 /* TableCell_Status.swift in Sources */ = {isa = PBXBuildFile; fileRef = AB05D5E222E32FBB00D60F45 /* TableCell_Status.swift */; };
		AB2D868A23B7109E00BC0838 /* TableCell_Status.swift in Sources */ = {isa = PBXBuildFile; fileRef = AB05D5E222E32FBB00D60F45 /* TableCell_Status.swift */; };
		AB2D868C23B73E9D00BC0838 /* Status.swift in Sources */ = {isa = PBXBuildFile; fileRef = AB2D868B23B73E9D00BC0838 /* Status.swift */; };
		AB2D868D23B7461500BC0838 /* Status.swift in Sources */ = {isa = PBXBuildFile; fileRef = AB2D868B23B73E9D00BC0838 /* Status.swift */; };
		AB2D868E23B7461500BC0838 /* Status.swift in Sources */ = {isa = PBXBuildFile; fileRef = AB2D868B23B73E9D00BC0838 /* Status.swift */; };
		AB32BEB622F076B100E06998 /* Colors.swift in Sources */ = {isa = PBXBuildFile; fileRef = AB32BEB522F076B100E06998 /* Colors.swift */; };
		AB3540B322A90F340033F104 /* DateCell.swift in Sources */ = {isa = PBXBuildFile; fileRef = AB3540B222A90F340033F104 /* DateCell.swift */; };
		AB3540B422A90F340033F104 /* DateCell.swift in Sources */ = {isa = PBXBuildFile; fileRef = AB3540B222A90F340033F104 /* DateCell.swift */; };
		AB3540B522A90F340033F104 /* DateCell.swift in Sources */ = {isa = PBXBuildFile; fileRef = AB3540B222A90F340033F104 /* DateCell.swift */; };
		AB3540B722A951F30033F104 /* DateHeader.swift in Sources */ = {isa = PBXBuildFile; fileRef = AB3540B622A951F30033F104 /* DateHeader.swift */; };
		AB3540B822A951F30033F104 /* DateHeader.swift in Sources */ = {isa = PBXBuildFile; fileRef = AB3540B622A951F30033F104 /* DateHeader.swift */; };
		AB3540B922A951F30033F104 /* DateHeader.swift in Sources */ = {isa = PBXBuildFile; fileRef = AB3540B622A951F30033F104 /* DateHeader.swift */; };
		AB3A4E5322C6D62F00B82A4F /* NewsEventsView.swift in Sources */ = {isa = PBXBuildFile; fileRef = AB3A4E5222C6D62F00B82A4F /* NewsEventsView.swift */; };
		AB3A4E5722C6D6D100B82A4F /* Clearance.swift in Sources */ = {isa = PBXBuildFile; fileRef = AB3A4E5622C6D6D100B82A4F /* Clearance.swift */; };
		AB3A4E5922C6D6EF00B82A4F /* ComplaintsManagement.swift in Sources */ = {isa = PBXBuildFile; fileRef = AB3A4E5822C6D6EF00B82A4F /* ComplaintsManagement.swift */; };
		AB44B20222D8CAAD0023C6A5 /* FloatLabelTextField_rename.swift in Sources */ = {isa = PBXBuildFile; fileRef = AB44B20122D8CAAD0023C6A5 /* FloatLabelTextField_rename.swift */; };
		AB44B20422D8D0460023C6A5 /* FirstControllerView.swift in Sources */ = {isa = PBXBuildFile; fileRef = AB44B20322D8D0460023C6A5 /* FirstControllerView.swift */; };
		AB44B20622D8DD980023C6A5 /* Login.swift in Sources */ = {isa = PBXBuildFile; fileRef = AB44B20522D8DD980023C6A5 /* Login.swift */; };
		AB488ED722DB0D8C00E15073 /* EventsModel.swift in Sources */ = {isa = PBXBuildFile; fileRef = AB488ED622DB0D8C00E15073 /* EventsModel.swift */; };
		AB522B51229D0CDD00BD7624 /* AppDelegate.swift in Sources */ = {isa = PBXBuildFile; fileRef = AB522B50229D0CDD00BD7624 /* AppDelegate.swift */; };
		AB522B56229D0CDD00BD7624 /* Main.storyboard in Resources */ = {isa = PBXBuildFile; fileRef = AB522B54229D0CDD00BD7624 /* Main.storyboard */; };
		AB522B59229D0CDD00BD7624 /* BarangayInformationManagementSystem.xcdatamodeld in Sources */ = {isa = PBXBuildFile; fileRef = AB522B57229D0CDD00BD7624 /* BarangayInformationManagementSystem.xcdatamodeld */; };
		AB522B5B229D0CE200BD7624 /* Assets.xcassets in Resources */ = {isa = PBXBuildFile; fileRef = AB522B5A229D0CE200BD7624 /* Assets.xcassets */; };
		AB522B5E229D0CE200BD7624 /* LaunchScreen.storyboard in Resources */ = {isa = PBXBuildFile; fileRef = AB522B5C229D0CE200BD7624 /* LaunchScreen.storyboard */; };
		AB522B69229D0CE200BD7624 /* BarangayInformationManagementSystemTests.swift in Sources */ = {isa = PBXBuildFile; fileRef = AB522B68229D0CE200BD7624 /* BarangayInformationManagementSystemTests.swift */; };
		AB522B74229D0CE200BD7624 /* BarangayInformationManagementSystemUITests.swift in Sources */ = {isa = PBXBuildFile; fileRef = AB522B73229D0CE200BD7624 /* BarangayInformationManagementSystemUITests.swift */; };
		AB522B9B229E6A7800BD7624 /* ToolsAnimation.plist in Resources */ = {isa = PBXBuildFile; fileRef = AB522B9A229E6A7700BD7624 /* ToolsAnimation.plist */; };
		AB522B9C229E6A7800BD7624 /* ToolsAnimation.plist in Resources */ = {isa = PBXBuildFile; fileRef = AB522B9A229E6A7700BD7624 /* ToolsAnimation.plist */; };
		AB522B9D229E6A7800BD7624 /* ToolsAnimation.plist in Resources */ = {isa = PBXBuildFile; fileRef = AB522B9A229E6A7700BD7624 /* ToolsAnimation.plist */; };
		AB522BC022A2655C00BD7624 /* FirstViewController.swift in Sources */ = {isa = PBXBuildFile; fileRef = AB522BBF22A2655C00BD7624 /* FirstViewController.swift */; };
		AB522BC122A2655C00BD7624 /* FirstViewController.swift in Sources */ = {isa = PBXBuildFile; fileRef = AB522BBF22A2655C00BD7624 /* FirstViewController.swift */; };
		AB522BC222A2655C00BD7624 /* FirstViewController.swift in Sources */ = {isa = PBXBuildFile; fileRef = AB522BBF22A2655C00BD7624 /* FirstViewController.swift */; };
		AB522BC422A2B70900BD7624 /* TreeTableViewCell.swift in Sources */ = {isa = PBXBuildFile; fileRef = AB522BC322A2B70900BD7624 /* TreeTableViewCell.swift */; };
		AB522BC522A2B70900BD7624 /* TreeTableViewCell.swift in Sources */ = {isa = PBXBuildFile; fileRef = AB522BC322A2B70900BD7624 /* TreeTableViewCell.swift */; };
		AB522BC622A2B70900BD7624 /* TreeTableViewCell.swift in Sources */ = {isa = PBXBuildFile; fileRef = AB522BC322A2B70900BD7624 /* TreeTableViewCell.swift */; };
		AB522BC822A2B92100BD7624 /* TreeTableViewCell.xib in Resources */ = {isa = PBXBuildFile; fileRef = AB522BC722A2B92100BD7624 /* TreeTableViewCell.xib */; };
		AB522BC922A2B92100BD7624 /* TreeTableViewCell.xib in Resources */ = {isa = PBXBuildFile; fileRef = AB522BC722A2B92100BD7624 /* TreeTableViewCell.xib */; };
		AB522BCA22A2B92100BD7624 /* TreeTableViewCell.xib in Resources */ = {isa = PBXBuildFile; fileRef = AB522BC722A2B92100BD7624 /* TreeTableViewCell.xib */; };
		AB522BCC22A2BA3B00BD7624 /* DataObject.swift in Sources */ = {isa = PBXBuildFile; fileRef = AB522BCB22A2BA3B00BD7624 /* DataObject.swift */; };
		AB522BCD22A2BA3B00BD7624 /* DataObject.swift in Sources */ = {isa = PBXBuildFile; fileRef = AB522BCB22A2BA3B00BD7624 /* DataObject.swift */; };
		AB522BCE22A2BA3B00BD7624 /* DataObject.swift in Sources */ = {isa = PBXBuildFile; fileRef = AB522BCB22A2BA3B00BD7624 /* DataObject.swift */; };
		AB7CC8B923292FEF001D9765 /* EmergencyViewController.swift in Sources */ = {isa = PBXBuildFile; fileRef = AB7CC8B823292FEF001D9765 /* EmergencyViewController.swift */; };
		AB84029B22D1909F002B2842 /* AWSS3Uploader.swift in Sources */ = {isa = PBXBuildFile; fileRef = AB84029A22D1909F002B2842 /* AWSS3Uploader.swift */; };
		AB9478D7233623EB00C9CA42 /* awsconfiguration.json in Resources */ = {isa = PBXBuildFile; fileRef = AB9478D6233623EA00C9CA42 /* awsconfiguration.json */; };
		AB9478DA233ED4B400C9CA42 /* ConfirmSignUp.swift in Sources */ = {isa = PBXBuildFile; fileRef = AB9478D9233ED4B400C9CA42 /* ConfirmSignUp.swift */; };
		ABB7A49422EBFC5700004AE0 /* Onboarding.swift in Sources */ = {isa = PBXBuildFile; fileRef = ABB7A49322EBFC5700004AE0 /* Onboarding.swift */; };
		ABDDD11E22E9FF4F00E17D9E /* StackView.swift in Sources */ = {isa = PBXBuildFile; fileRef = ABDDD11D22E9FF4F00E17D9E /* StackView.swift */; };
		F0A343D22E362817A922D2F5 /* Pods_BarangayInformationManagementSystem.framework in Frameworks */ = {isa = PBXBuildFile; fileRef = 9FEC7B498E01434DBD325874 /* Pods_BarangayInformationManagementSystem.framework */; };
/* End PBXBuildFile section */

/* Begin PBXContainerItemProxy section */
		AB522B65229D0CE200BD7624 /* PBXContainerItemProxy */ = {
			isa = PBXContainerItemProxy;
			containerPortal = AB522B45229D0CDD00BD7624 /* Project object */;
			proxyType = 1;
			remoteGlobalIDString = AB522B4C229D0CDD00BD7624;
			remoteInfo = BarangayInformationManagementSystem;
		};
		AB522B70229D0CE200BD7624 /* PBXContainerItemProxy */ = {
			isa = PBXContainerItemProxy;
			containerPortal = AB522B45229D0CDD00BD7624 /* Project object */;
			proxyType = 1;
			remoteGlobalIDString = AB522B4C229D0CDD00BD7624;
			remoteInfo = BarangayInformationManagementSystem;
		};
/* End PBXContainerItemProxy section */

/* Begin PBXFileReference section */
		120B333F1086356DDF07BF95 /* Pods-BarangayInformationManagementSystemUITests.debug.xcconfig */ = {isa = PBXFileReference; includeInIndex = 1; lastKnownFileType = text.xcconfig; name = "Pods-BarangayInformationManagementSystemUITests.debug.xcconfig"; path = "Target Support Files/Pods-BarangayInformationManagementSystemUITests/Pods-BarangayInformationManagementSystemUITests.debug.xcconfig"; sourceTree = "<group>"; };
		14F2C21D1ABB1306EA609A3E /* Pods-BarangayInformationManagementSystemTests.release.xcconfig */ = {isa = PBXFileReference; includeInIndex = 1; lastKnownFileType = text.xcconfig; name = "Pods-BarangayInformationManagementSystemTests.release.xcconfig"; path = "Target Support Files/Pods-BarangayInformationManagementSystemTests/Pods-BarangayInformationManagementSystemTests.release.xcconfig"; sourceTree = "<group>"; };
		3117F215C70BBA663D7FB3EC /* Pods-BarangayInformationManagementSystem.release.xcconfig */ = {isa = PBXFileReference; includeInIndex = 1; lastKnownFileType = text.xcconfig; name = "Pods-BarangayInformationManagementSystem.release.xcconfig"; path = "Target Support Files/Pods-BarangayInformationManagementSystem/Pods-BarangayInformationManagementSystem.release.xcconfig"; sourceTree = "<group>"; };
		3AAB8C92DEC476B5092022CB /* Pods-BarangayInformationManagementSystem.debug.xcconfig */ = {isa = PBXFileReference; includeInIndex = 1; lastKnownFileType = text.xcconfig; name = "Pods-BarangayInformationManagementSystem.debug.xcconfig"; path = "Target Support Files/Pods-BarangayInformationManagementSystem/Pods-BarangayInformationManagementSystem.debug.xcconfig"; sourceTree = "<group>"; };
		84331AD3452D31755402F97F /* Pods_BarangayInformationManagementSystemUITests.framework */ = {isa = PBXFileReference; explicitFileType = wrapper.framework; includeInIndex = 0; path = Pods_BarangayInformationManagementSystemUITests.framework; sourceTree = BUILT_PRODUCTS_DIR; };
		9FEC7B498E01434DBD325874 /* Pods_BarangayInformationManagementSystem.framework */ = {isa = PBXFileReference; explicitFileType = wrapper.framework; includeInIndex = 0; path = Pods_BarangayInformationManagementSystem.framework; sourceTree = BUILT_PRODUCTS_DIR; };
		A11BFA28C9D016D8EDFDD8A9 /* Pods_BarangayInformationManagementSystemTests.framework */ = {isa = PBXFileReference; explicitFileType = wrapper.framework; includeInIndex = 0; path = Pods_BarangayInformationManagementSystemTests.framework; sourceTree = BUILT_PRODUCTS_DIR; };
		AB05694E22D36DC70096416E /* NewsViewController.swift */ = {isa = PBXFileReference; lastKnownFileType = sourcecode.swift; path = NewsViewController.swift; sourceTree = "<group>"; };
		AB05695022D36E950096416E /* DetailViewController.swift */ = {isa = PBXFileReference; lastKnownFileType = sourcecode.swift; path = DetailViewController.swift; sourceTree = "<group>"; };
		AB05695422D3806B0096416E /* TableCell.swift */ = {isa = PBXFileReference; lastKnownFileType = sourcecode.swift; path = TableCell.swift; sourceTree = "<group>"; };
		AB05695A22D3FBC70096416E /* EventsViewController.swift */ = {isa = PBXFileReference; lastKnownFileType = sourcecode.swift; path = EventsViewController.swift; sourceTree = "<group>"; };
		AB05695E22D4025A0096416E /* ComplaintsDetail.swift */ = {isa = PBXFileReference; lastKnownFileType = sourcecode.swift; path = ComplaintsDetail.swift; sourceTree = "<group>"; };
		AB05696622D4D4950096416E /* PhotoPicker.swift */ = {isa = PBXFileReference; lastKnownFileType = sourcecode.swift; path = PhotoPicker.swift; sourceTree = "<group>"; };
		AB05696922D61EF20096416E /* BusinessPermits.swift */ = {isa = PBXFileReference; lastKnownFileType = sourcecode.swift; path = BusinessPermits.swift; sourceTree = "<group>"; };
		AB05697322D6A03C0096416E /* RegisterUser.swift */ = {isa = PBXFileReference; lastKnownFileType = sourcecode.swift; path = RegisterUser.swift; sourceTree = "<group>"; };
		AB05697622D754C20096416E /* ImagePickerController.swift */ = {isa = PBXFileReference; fileEncoding = 4; lastKnownFileType = sourcecode.swift; path = ImagePickerController.swift; sourceTree = "<group>"; };
		AB05697722D754C20096416E /* ImageRow.swift */ = {isa = PBXFileReference; fileEncoding = 4; lastKnownFileType = sourcecode.swift; path = ImageRow.swift; sourceTree = "<group>"; };
		AB05697A22D757E20096416E /* EmojiCell.xib */ = {isa = PBXFileReference; fileEncoding = 4; lastKnownFileType = file.xib; path = EmojiCell.xib; sourceTree = "<group>"; };
		AB05697C22D758200096416E /* CustomCells.swift */ = {isa = PBXFileReference; fileEncoding = 4; lastKnownFileType = sourcecode.swift; path = CustomCells.swift; sourceTree = "<group>"; };
		AB05698022D7F0AA0096416E /* ComplaintCategory.swift */ = {isa = PBXFileReference; lastKnownFileType = sourcecode.swift; path = ComplaintCategory.swift; sourceTree = "<group>"; };
		AB05D5B222E09F2C00D60F45 /* BarangayUtil.swift */ = {isa = PBXFileReference; lastKnownFileType = sourcecode.swift; path = BarangayUtil.swift; sourceTree = "<group>"; };
		AB05D5B422E3037800D60F45 /* JSONEncodableEncoding.swift */ = {isa = PBXFileReference; fileEncoding = 4; lastKnownFileType = sourcecode.swift; path = JSONEncodableEncoding.swift; sourceTree = "<group>"; };
		AB05D5B522E3037800D60F45 /* Configuration.swift */ = {isa = PBXFileReference; fileEncoding = 4; lastKnownFileType = sourcecode.swift; path = Configuration.swift; sourceTree = "<group>"; };
		AB05D5B622E3037800D60F45 /* APIs.swift */ = {isa = PBXFileReference; fileEncoding = 4; lastKnownFileType = sourcecode.swift; path = APIs.swift; sourceTree = "<group>"; };
		AB05D5B722E3037800D60F45 /* Extensions.swift */ = {isa = PBXFileReference; fileEncoding = 4; lastKnownFileType = sourcecode.swift; path = Extensions.swift; sourceTree = "<group>"; };
		AB05D5B822E3037900D60F45 /* APIHelper.swift */ = {isa = PBXFileReference; fileEncoding = 4; lastKnownFileType = sourcecode.swift; path = APIHelper.swift; sourceTree = "<group>"; };
		AB05D5B922E3037900D60F45 /* AlamofireImplementations.swift */ = {isa = PBXFileReference; fileEncoding = 4; lastKnownFileType = sourcecode.swift; path = AlamofireImplementations.swift; sourceTree = "<group>"; };
		AB05D5BB22E3037900D60F45 /* BarangayEventModel.swift */ = {isa = PBXFileReference; fileEncoding = 4; lastKnownFileType = sourcecode.swift; path = BarangayEventModel.swift; sourceTree = "<group>"; };
		AB05D5BC22E3037900D60F45 /* BarangayEventArray.swift */ = {isa = PBXFileReference; fileEncoding = 4; lastKnownFileType = sourcecode.swift; path = BarangayEventArray.swift; sourceTree = "<group>"; };
		AB05D5BD22E3037900D60F45 /* Empty.swift */ = {isa = PBXFileReference; fileEncoding = 4; lastKnownFileType = sourcecode.swift; path = Empty.swift; sourceTree = "<group>"; };
		AB05D5BE22E3037900D60F45 /* BarangayComplaintArray.swift */ = {isa = PBXFileReference; fileEncoding = 4; lastKnownFileType = sourcecode.swift; path = BarangayComplaintArray.swift; sourceTree = "<group>"; };
		AB05D5BF22E3037900D60F45 /* BarangayComplaintModel.swift */ = {isa = PBXFileReference; fileEncoding = 4; lastKnownFileType = sourcecode.swift; path = BarangayComplaintModel.swift; sourceTree = "<group>"; };
		AB05D5C022E3037900D60F45 /* BarangayAttachmentModel.swift */ = {isa = PBXFileReference; fileEncoding = 4; lastKnownFileType = sourcecode.swift; path = BarangayAttachmentModel.swift; sourceTree = "<group>"; };
		AB05D5C122E3037900D60F45 /* BarangayPermitModel.swift */ = {isa = PBXFileReference; fileEncoding = 4; lastKnownFileType = sourcecode.swift; path = BarangayPermitModel.swift; sourceTree = "<group>"; };
		AB05D5C222E3037900D60F45 /* BarangayPermitArray.swift */ = {isa = PBXFileReference; fileEncoding = 4; lastKnownFileType = sourcecode.swift; path = BarangayPermitArray.swift; sourceTree = "<group>"; };
		AB05D5C322E3037900D60F45 /* BarangayUserArray.swift */ = {isa = PBXFileReference; fileEncoding = 4; lastKnownFileType = sourcecode.swift; path = BarangayUserArray.swift; sourceTree = "<group>"; };
		AB05D5C422E3037900D60F45 /* BarangayUserModel.swift */ = {isa = PBXFileReference; fileEncoding = 4; lastKnownFileType = sourcecode.swift; path = BarangayUserModel.swift; sourceTree = "<group>"; };
		AB05D5C522E3037900D60F45 /* BarangayDocumentArray.swift */ = {isa = PBXFileReference; fileEncoding = 4; lastKnownFileType = sourcecode.swift; path = BarangayDocumentArray.swift; sourceTree = "<group>"; };
		AB05D5C622E3037900D60F45 /* BarangayDocumentModel.swift */ = {isa = PBXFileReference; fileEncoding = 4; lastKnownFileType = sourcecode.swift; path = BarangayDocumentModel.swift; sourceTree = "<group>"; };
		AB05D5C822E3037900D60F45 /* DefaultAPI.swift */ = {isa = PBXFileReference; fileEncoding = 4; lastKnownFileType = sourcecode.swift; path = DefaultAPI.swift; sourceTree = "<group>"; };
		AB05D5C922E3037900D60F45 /* CodableHelper.swift */ = {isa = PBXFileReference; fileEncoding = 4; lastKnownFileType = sourcecode.swift; path = CodableHelper.swift; sourceTree = "<group>"; };
		AB05D5CA22E3037A00D60F45 /* JSONEncodingHelper.swift */ = {isa = PBXFileReference; fileEncoding = 4; lastKnownFileType = sourcecode.swift; path = JSONEncodingHelper.swift; sourceTree = "<group>"; };
		AB05D5CB22E3037A00D60F45 /* Models.swift */ = {isa = PBXFileReference; fileEncoding = 4; lastKnownFileType = sourcecode.swift; path = Models.swift; sourceTree = "<group>"; };
		AB05D5E222E32FBB00D60F45 /* TableCell_Status.swift */ = {isa = PBXFileReference; lastKnownFileType = sourcecode.swift; path = TableCell_Status.swift; sourceTree = "<group>"; };
		AB068FDA22D9BF87004E1881 /* BarangayClearance.swift */ = {isa = PBXFileReference; lastKnownFileType = sourcecode.swift; path = BarangayClearance.swift; sourceTree = "<group>"; };
		AB068FDC22D9C26B004E1881 /* Artwork.swift */ = {isa = PBXFileReference; fileEncoding = 4; lastKnownFileType = sourcecode.swift; path = Artwork.swift; sourceTree = "<group>"; };
		AB068FDD22D9C26B004E1881 /* Recipe.swift */ = {isa = PBXFileReference; fileEncoding = 4; lastKnownFileType = sourcecode.swift; path = Recipe.swift; sourceTree = "<group>"; };
		AB06911122DA0B16004E1881 /* TabBarController.swift */ = {isa = PBXFileReference; lastKnownFileType = sourcecode.swift; path = TabBarController.swift; sourceTree = "<group>"; };
		AB06911522DA19E6004E1881 /* CheckStatus.swift */ = {isa = PBXFileReference; lastKnownFileType = sourcecode.swift; path = CheckStatus.swift; sourceTree = "<group>"; };
		AB06917422DABA91004E1881 /* Events.swift */ = {isa = PBXFileReference; lastKnownFileType = sourcecode.swift; path = Events.swift; sourceTree = "<group>"; };
		AB06917822DADD63004E1881 /* AWSS3Downloader.swift */ = {isa = PBXFileReference; lastKnownFileType = sourcecode.swift; path = AWSS3Downloader.swift; sourceTree = "<group>"; };
		AB2D868B23B73E9D00BC0838 /* Status.swift */ = {isa = PBXFileReference; lastKnownFileType = sourcecode.swift; path = Status.swift; sourceTree = "<group>"; };
		AB32BEB522F076B100E06998 /* Colors.swift */ = {isa = PBXFileReference; lastKnownFileType = sourcecode.swift; path = Colors.swift; sourceTree = "<group>"; };
		AB3540B222A90F340033F104 /* DateCell.swift */ = {isa = PBXFileReference; lastKnownFileType = sourcecode.swift; path = DateCell.swift; sourceTree = "<group>"; };
		AB3540B622A951F30033F104 /* DateHeader.swift */ = {isa = PBXFileReference; lastKnownFileType = sourcecode.swift; path = DateHeader.swift; sourceTree = "<group>"; };
		AB3A4E5222C6D62F00B82A4F /* NewsEventsView.swift */ = {isa = PBXFileReference; lastKnownFileType = sourcecode.swift; path = NewsEventsView.swift; sourceTree = "<group>"; };
		AB3A4E5622C6D6D100B82A4F /* Clearance.swift */ = {isa = PBXFileReference; lastKnownFileType = sourcecode.swift; path = Clearance.swift; sourceTree = "<group>"; };
		AB3A4E5822C6D6EF00B82A4F /* ComplaintsManagement.swift */ = {isa = PBXFileReference; lastKnownFileType = sourcecode.swift; path = ComplaintsManagement.swift; sourceTree = "<group>"; };
		AB44B20122D8CAAD0023C6A5 /* FloatLabelTextField_rename.swift */ = {isa = PBXFileReference; fileEncoding = 4; lastKnownFileType = sourcecode.swift; path = FloatLabelTextField_rename.swift; sourceTree = "<group>"; };
		AB44B20322D8D0460023C6A5 /* FirstControllerView.swift */ = {isa = PBXFileReference; lastKnownFileType = sourcecode.swift; path = FirstControllerView.swift; sourceTree = "<group>"; };
		AB44B20522D8DD980023C6A5 /* Login.swift */ = {isa = PBXFileReference; lastKnownFileType = sourcecode.swift; path = Login.swift; sourceTree = "<group>"; };
		AB488ED622DB0D8C00E15073 /* EventsModel.swift */ = {isa = PBXFileReference; lastKnownFileType = sourcecode.swift; path = EventsModel.swift; sourceTree = "<group>"; };
		AB522B4D229D0CDD00BD7624 /* BarangayInformationManagementSystem.app */ = {isa = PBXFileReference; explicitFileType = wrapper.application; includeInIndex = 0; path = BarangayInformationManagementSystem.app; sourceTree = BUILT_PRODUCTS_DIR; };
		AB522B50229D0CDD00BD7624 /* AppDelegate.swift */ = {isa = PBXFileReference; lastKnownFileType = sourcecode.swift; path = AppDelegate.swift; sourceTree = "<group>"; };
		AB522B55229D0CDD00BD7624 /* Base */ = {isa = PBXFileReference; lastKnownFileType = file.storyboard; name = Base; path = Base.lproj/Main.storyboard; sourceTree = "<group>"; };
		AB522B58229D0CDD00BD7624 /* BarangayInformationManagementSystem.xcdatamodel */ = {isa = PBXFileReference; lastKnownFileType = wrapper.xcdatamodel; path = BarangayInformationManagementSystem.xcdatamodel; sourceTree = "<group>"; };
		AB522B5A229D0CE200BD7624 /* Assets.xcassets */ = {isa = PBXFileReference; lastKnownFileType = folder.assetcatalog; path = Assets.xcassets; sourceTree = "<group>"; };
		AB522B5D229D0CE200BD7624 /* Base */ = {isa = PBXFileReference; lastKnownFileType = file.storyboard; name = Base; path = Base.lproj/LaunchScreen.storyboard; sourceTree = "<group>"; };
		AB522B5F229D0CE200BD7624 /* Info.plist */ = {isa = PBXFileReference; lastKnownFileType = text.plist.xml; path = Info.plist; sourceTree = "<group>"; };
		AB522B64229D0CE200BD7624 /* BarangayInformationManagementSystemTests.xctest */ = {isa = PBXFileReference; explicitFileType = wrapper.cfbundle; includeInIndex = 0; path = BarangayInformationManagementSystemTests.xctest; sourceTree = BUILT_PRODUCTS_DIR; };
		AB522B68229D0CE200BD7624 /* BarangayInformationManagementSystemTests.swift */ = {isa = PBXFileReference; lastKnownFileType = sourcecode.swift; path = BarangayInformationManagementSystemTests.swift; sourceTree = "<group>"; };
		AB522B6A229D0CE200BD7624 /* Info.plist */ = {isa = PBXFileReference; lastKnownFileType = text.plist.xml; path = Info.plist; sourceTree = "<group>"; };
		AB522B6F229D0CE200BD7624 /* BarangayInformationManagementSystemUITests.xctest */ = {isa = PBXFileReference; explicitFileType = wrapper.cfbundle; includeInIndex = 0; path = BarangayInformationManagementSystemUITests.xctest; sourceTree = BUILT_PRODUCTS_DIR; };
		AB522B73229D0CE200BD7624 /* BarangayInformationManagementSystemUITests.swift */ = {isa = PBXFileReference; lastKnownFileType = sourcecode.swift; path = BarangayInformationManagementSystemUITests.swift; sourceTree = "<group>"; };
		AB522B75229D0CE200BD7624 /* Info.plist */ = {isa = PBXFileReference; lastKnownFileType = text.plist.xml; path = Info.plist; sourceTree = "<group>"; };
		AB522B9A229E6A7700BD7624 /* ToolsAnimation.plist */ = {isa = PBXFileReference; fileEncoding = 4; lastKnownFileType = text.plist.xml; path = ToolsAnimation.plist; sourceTree = "<group>"; };
		AB522BBF22A2655C00BD7624 /* FirstViewController.swift */ = {isa = PBXFileReference; lastKnownFileType = sourcecode.swift; path = FirstViewController.swift; sourceTree = "<group>"; };
		AB522BC322A2B70900BD7624 /* TreeTableViewCell.swift */ = {isa = PBXFileReference; lastKnownFileType = sourcecode.swift; path = TreeTableViewCell.swift; sourceTree = "<group>"; };
		AB522BC722A2B92100BD7624 /* TreeTableViewCell.xib */ = {isa = PBXFileReference; fileEncoding = 4; lastKnownFileType = file.xib; path = TreeTableViewCell.xib; sourceTree = "<group>"; };
		AB522BCB22A2BA3B00BD7624 /* DataObject.swift */ = {isa = PBXFileReference; fileEncoding = 4; lastKnownFileType = sourcecode.swift; path = DataObject.swift; sourceTree = "<group>"; };
		AB7CC8B823292FEF001D9765 /* EmergencyViewController.swift */ = {isa = PBXFileReference; lastKnownFileType = sourcecode.swift; path = EmergencyViewController.swift; sourceTree = "<group>"; };
		AB84029722D18493002B2842 /* BarangayInformationManagementSystem.entitlements */ = {isa = PBXFileReference; lastKnownFileType = text.plist.entitlements; path = BarangayInformationManagementSystem.entitlements; sourceTree = "<group>"; };
		AB84029A22D1909F002B2842 /* AWSS3Uploader.swift */ = {isa = PBXFileReference; lastKnownFileType = sourcecode.swift; path = AWSS3Uploader.swift; sourceTree = "<group>"; };
		AB9478D6233623EA00C9CA42 /* awsconfiguration.json */ = {isa = PBXFileReference; fileEncoding = 4; lastKnownFileType = text.json; path = awsconfiguration.json; sourceTree = "<group>"; };
		AB9478D9233ED4B400C9CA42 /* ConfirmSignUp.swift */ = {isa = PBXFileReference; lastKnownFileType = sourcecode.swift; path = ConfirmSignUp.swift; sourceTree = "<group>"; };
		ABB7A49322EBFC5700004AE0 /* Onboarding.swift */ = {isa = PBXFileReference; lastKnownFileType = sourcecode.swift; path = Onboarding.swift; sourceTree = "<group>"; };
		ABDDD11D22E9FF4F00E17D9E /* StackView.swift */ = {isa = PBXFileReference; lastKnownFileType = sourcecode.swift; path = StackView.swift; sourceTree = "<group>"; };
		EC9B424807F4770CE8759653 /* Pods-BarangayInformationManagementSystemUITests.release.xcconfig */ = {isa = PBXFileReference; includeInIndex = 1; lastKnownFileType = text.xcconfig; name = "Pods-BarangayInformationManagementSystemUITests.release.xcconfig"; path = "Target Support Files/Pods-BarangayInformationManagementSystemUITests/Pods-BarangayInformationManagementSystemUITests.release.xcconfig"; sourceTree = "<group>"; };
		F510B2F148FC69EF1F2AF377 /* Pods-BarangayInformationManagementSystemTests.debug.xcconfig */ = {isa = PBXFileReference; includeInIndex = 1; lastKnownFileType = text.xcconfig; name = "Pods-BarangayInformationManagementSystemTests.debug.xcconfig"; path = "Target Support Files/Pods-BarangayInformationManagementSystemTests/Pods-BarangayInformationManagementSystemTests.debug.xcconfig"; sourceTree = "<group>"; };
/* End PBXFileReference section */

/* Begin PBXFrameworksBuildPhase section */
		AB522B4A229D0CDD00BD7624 /* Frameworks */ = {
			isa = PBXFrameworksBuildPhase;
			buildActionMask = 2147483647;
			files = (
				F0A343D22E362817A922D2F5 /* Pods_BarangayInformationManagementSystem.framework in Frameworks */,
			);
			runOnlyForDeploymentPostprocessing = 0;
		};
		AB522B61229D0CE200BD7624 /* Frameworks */ = {
			isa = PBXFrameworksBuildPhase;
			buildActionMask = 2147483647;
			files = (
				2C99984A3CB6C698D37D0D7D /* Pods_BarangayInformationManagementSystemTests.framework in Frameworks */,
			);
			runOnlyForDeploymentPostprocessing = 0;
		};
		AB522B6C229D0CE200BD7624 /* Frameworks */ = {
			isa = PBXFrameworksBuildPhase;
			buildActionMask = 2147483647;
			files = (
				173C4C76B569C803D493D992 /* Pods_BarangayInformationManagementSystemUITests.framework in Frameworks */,
			);
			runOnlyForDeploymentPostprocessing = 0;
		};
/* End PBXFrameworksBuildPhase section */

/* Begin PBXGroup section */
		3D8F18C647F0C8AF301C4A40 /* Frameworks */ = {
			isa = PBXGroup;
			children = (
				9FEC7B498E01434DBD325874 /* Pods_BarangayInformationManagementSystem.framework */,
				A11BFA28C9D016D8EDFDD8A9 /* Pods_BarangayInformationManagementSystemTests.framework */,
				84331AD3452D31755402F97F /* Pods_BarangayInformationManagementSystemUITests.framework */,
			);
			name = Frameworks;
			sourceTree = "<group>";
		};
		45928191B35C3DBB9216D415 /* Pods */ = {
			isa = PBXGroup;
			children = (
				3AAB8C92DEC476B5092022CB /* Pods-BarangayInformationManagementSystem.debug.xcconfig */,
				3117F215C70BBA663D7FB3EC /* Pods-BarangayInformationManagementSystem.release.xcconfig */,
				F510B2F148FC69EF1F2AF377 /* Pods-BarangayInformationManagementSystemTests.debug.xcconfig */,
				14F2C21D1ABB1306EA609A3E /* Pods-BarangayInformationManagementSystemTests.release.xcconfig */,
				120B333F1086356DDF07BF95 /* Pods-BarangayInformationManagementSystemUITests.debug.xcconfig */,
				EC9B424807F4770CE8759653 /* Pods-BarangayInformationManagementSystemUITests.release.xcconfig */,
			);
			path = Pods;
			sourceTree = "<group>";
		};
		AB05697522D754B50096416E /* ImageRow */ = {
			isa = PBXGroup;
			children = (
			);
			path = ImageRow;
			sourceTree = "<group>";
		};
		AB05D5BA22E3037900D60F45 /* Models */ = {
			isa = PBXGroup;
			children = (
				AB05D5BB22E3037900D60F45 /* BarangayEventModel.swift */,
				AB05D5BC22E3037900D60F45 /* BarangayEventArray.swift */,
				AB05D5BD22E3037900D60F45 /* Empty.swift */,
				AB05D5BE22E3037900D60F45 /* BarangayComplaintArray.swift */,
				AB05D5BF22E3037900D60F45 /* BarangayComplaintModel.swift */,
				AB05D5C022E3037900D60F45 /* BarangayAttachmentModel.swift */,
				AB05D5C122E3037900D60F45 /* BarangayPermitModel.swift */,
				AB05D5C222E3037900D60F45 /* BarangayPermitArray.swift */,
				AB05D5C322E3037900D60F45 /* BarangayUserArray.swift */,
				AB05D5C422E3037900D60F45 /* BarangayUserModel.swift */,
				AB05D5C522E3037900D60F45 /* BarangayDocumentArray.swift */,
				AB05D5C622E3037900D60F45 /* BarangayDocumentModel.swift */,
			);
			path = Models;
			sourceTree = "<group>";
		};
		AB05D5C722E3037900D60F45 /* APIs */ = {
			isa = PBXGroup;
			children = (
				AB05D5C822E3037900D60F45 /* DefaultAPI.swift */,
			);
			path = APIs;
			sourceTree = "<group>";
		};
		AB06911922DAA7EC004E1881 /* API */ = {
			isa = PBXGroup;
			children = (
				AB05D5B922E3037900D60F45 /* AlamofireImplementations.swift */,
				AB05D5B822E3037900D60F45 /* APIHelper.swift */,
				AB05D5C722E3037900D60F45 /* APIs */,
				AB05D5B622E3037800D60F45 /* APIs.swift */,
				AB05D5C922E3037900D60F45 /* CodableHelper.swift */,
				AB05D5B522E3037800D60F45 /* Configuration.swift */,
				AB05D5B722E3037800D60F45 /* Extensions.swift */,
				AB05D5B422E3037800D60F45 /* JSONEncodableEncoding.swift */,
				AB05D5CA22E3037A00D60F45 /* JSONEncodingHelper.swift */,
				AB05D5BA22E3037900D60F45 /* Models */,
				AB05D5CB22E3037A00D60F45 /* Models.swift */,
			);
			path = API;
			sourceTree = "<group>";
		};
		AB3540B122A90F230033F104 /* CalenderView */ = {
			isa = PBXGroup;
			children = (
				AB3540B222A90F340033F104 /* DateCell.swift */,
				AB3540B622A951F30033F104 /* DateHeader.swift */,
			);
			path = CalenderView;
			sourceTree = "<group>";
		};
		AB3A4E5C22C6D8CA00B82A4F /* Interactor */ = {
			isa = PBXGroup;
			children = (
			);
			path = Interactor;
			sourceTree = "<group>";
		};
		AB3A4E5E22C6D8F400B82A4F /* Presentor */ = {
			isa = PBXGroup;
			children = (
			);
			path = Presentor;
			sourceTree = "<group>";
		};
		AB3A4E5F22C6D8FB00B82A4F /* Entity */ = {
			isa = PBXGroup;
			children = (
				AB068FDC22D9C26B004E1881 /* Artwork.swift */,
				AB068FDD22D9C26B004E1881 /* Recipe.swift */,
				AB06917422DABA91004E1881 /* Events.swift */,
				AB488ED622DB0D8C00E15073 /* EventsModel.swift */,
				AB2D868B23B73E9D00BC0838 /* Status.swift */,
			);
			path = Entity;
			sourceTree = "<group>";
		};
		AB3A4E6022C6D90500B82A4F /* Router */ = {
			isa = PBXGroup;
			children = (
				AB06911922DAA7EC004E1881 /* API */,
				AB84029A22D1909F002B2842 /* AWSS3Uploader.swift */,
				AB06917822DADD63004E1881 /* AWSS3Downloader.swift */,
			);
			path = Router;
			sourceTree = "<group>";
		};
		AB522B44229D0CDD00BD7624 = {
			isa = PBXGroup;
			children = (
				AB522B4F229D0CDD00BD7624 /* BarangayInformationManagementSystem */,
				AB522B67229D0CE200BD7624 /* BarangayInformationManagementSystemTests */,
				AB522B72229D0CE200BD7624 /* BarangayInformationManagementSystemUITests */,
				AB522B4E229D0CDD00BD7624 /* Products */,
				45928191B35C3DBB9216D415 /* Pods */,
				3D8F18C647F0C8AF301C4A40 /* Frameworks */,
			);
			sourceTree = "<group>";
		};
		AB522B4E229D0CDD00BD7624 /* Products */ = {
			isa = PBXGroup;
			children = (
				AB522B4D229D0CDD00BD7624 /* BarangayInformationManagementSystem.app */,
				AB522B64229D0CE200BD7624 /* BarangayInformationManagementSystemTests.xctest */,
				AB522B6F229D0CE200BD7624 /* BarangayInformationManagementSystemUITests.xctest */,
			);
			name = Products;
			sourceTree = "<group>";
		};
		AB522B4F229D0CDD00BD7624 /* BarangayInformationManagementSystem */ = {
			isa = PBXGroup;
			children = (
				AB9478D6233623EA00C9CA42 /* awsconfiguration.json */,
				AB84029722D18493002B2842 /* BarangayInformationManagementSystem.entitlements */,
				AB3A4E6022C6D90500B82A4F /* Router */,
				AB3A4E5F22C6D8FB00B82A4F /* Entity */,
				AB3A4E5E22C6D8F400B82A4F /* Presentor */,
				AB3A4E5C22C6D8CA00B82A4F /* Interactor */,
				AB3540B122A90F230033F104 /* CalenderView */,
				AB522B99229E6A6B00BD7624 /* Resources */,
				AB522B84229E3E9300BD7624 /* Presenter */,
				AB522B81229E3E5A00BD7624 /* Views */,
				AB522B50229D0CDD00BD7624 /* AppDelegate.swift */,
				AB522B54229D0CDD00BD7624 /* Main.storyboard */,
				AB522B5A229D0CE200BD7624 /* Assets.xcassets */,
				AB522B5C229D0CE200BD7624 /* LaunchScreen.storyboard */,
				AB522B5F229D0CE200BD7624 /* Info.plist */,
				AB522B57229D0CDD00BD7624 /* BarangayInformationManagementSystem.xcdatamodeld */,
			);
			path = BarangayInformationManagementSystem;
			sourceTree = "<group>";
		};
		AB522B67229D0CE200BD7624 /* BarangayInformationManagementSystemTests */ = {
			isa = PBXGroup;
			children = (
				AB522B68229D0CE200BD7624 /* BarangayInformationManagementSystemTests.swift */,
				AB522B6A229D0CE200BD7624 /* Info.plist */,
			);
			path = BarangayInformationManagementSystemTests;
			sourceTree = "<group>";
		};
		AB522B72229D0CE200BD7624 /* BarangayInformationManagementSystemUITests */ = {
			isa = PBXGroup;
			children = (
				AB522B73229D0CE200BD7624 /* BarangayInformationManagementSystemUITests.swift */,
				AB522B75229D0CE200BD7624 /* Info.plist */,
			);
			path = BarangayInformationManagementSystemUITests;
			sourceTree = "<group>";
		};
		AB522B81229E3E5A00BD7624 /* Views */ = {
			isa = PBXGroup;
			children = (
				AB05697622D754C20096416E /* ImagePickerController.swift */,
				AB05697C22D758200096416E /* CustomCells.swift */,
				AB05697722D754C20096416E /* ImageRow.swift */,
				AB05697A22D757E20096416E /* EmojiCell.xib */,
				AB05697522D754B50096416E /* ImageRow */,
				AB522BC722A2B92100BD7624 /* TreeTableViewCell.xib */,
				AB522BBF22A2655C00BD7624 /* FirstViewController.swift */,
				AB522BCB22A2BA3B00BD7624 /* DataObject.swift */,
				AB522BC322A2B70900BD7624 /* TreeTableViewCell.swift */,
				AB3A4E5222C6D62F00B82A4F /* NewsEventsView.swift */,
				AB44B20122D8CAAD0023C6A5 /* FloatLabelTextField_rename.swift */,
				AB3A4E5622C6D6D100B82A4F /* Clearance.swift */,
				AB3A4E5822C6D6EF00B82A4F /* ComplaintsManagement.swift */,
				AB05694E22D36DC70096416E /* NewsViewController.swift */,
				AB05695022D36E950096416E /* DetailViewController.swift */,
				AB05695422D3806B0096416E /* TableCell.swift */,
				AB05695A22D3FBC70096416E /* EventsViewController.swift */,
				AB05695E22D4025A0096416E /* ComplaintsDetail.swift */,
				AB05696622D4D4950096416E /* PhotoPicker.swift */,
				AB05696922D61EF20096416E /* BusinessPermits.swift */,
				AB05697322D6A03C0096416E /* RegisterUser.swift */,
				AB05698022D7F0AA0096416E /* ComplaintCategory.swift */,
				AB44B20322D8D0460023C6A5 /* FirstControllerView.swift */,
				AB44B20522D8DD980023C6A5 /* Login.swift */,
				AB068FDA22D9BF87004E1881 /* BarangayClearance.swift */,
				AB06911122DA0B16004E1881 /* TabBarController.swift */,
				AB06911522DA19E6004E1881 /* CheckStatus.swift */,
				AB05D5B222E09F2C00D60F45 /* BarangayUtil.swift */,
				AB05D5E222E32FBB00D60F45 /* TableCell_Status.swift */,
				ABDDD11D22E9FF4F00E17D9E /* StackView.swift */,
				ABB7A49322EBFC5700004AE0 /* Onboarding.swift */,
				AB32BEB522F076B100E06998 /* Colors.swift */,
				AB7CC8B823292FEF001D9765 /* EmergencyViewController.swift */,
				AB9478D9233ED4B400C9CA42 /* ConfirmSignUp.swift */,
			);
			path = Views;
			sourceTree = "<group>";
		};
		AB522B84229E3E9300BD7624 /* Presenter */ = {
			isa = PBXGroup;
			children = (
			);
			path = Presenter;
			sourceTree = "<group>";
		};
		AB522B99229E6A6B00BD7624 /* Resources */ = {
			isa = PBXGroup;
			children = (
				AB522B9A229E6A7700BD7624 /* ToolsAnimation.plist */,
			);
			path = Resources;
			sourceTree = "<group>";
		};
/* End PBXGroup section */

/* Begin PBXNativeTarget section */
		AB522B4C229D0CDD00BD7624 /* BarangayInformationManagementSystem */ = {
			isa = PBXNativeTarget;
			buildConfigurationList = AB522B78229D0CE200BD7624 /* Build configuration list for PBXNativeTarget "BarangayInformationManagementSystem" */;
			buildPhases = (
				CA2880AB385BFD78A6C595F9 /* [CP] Check Pods Manifest.lock */,
				AB522B49229D0CDD00BD7624 /* Sources */,
				AB522B4A229D0CDD00BD7624 /* Frameworks */,
				AB522B4B229D0CDD00BD7624 /* Resources */,
				F93D6245BCAC4356B9048095 /* [CP] Embed Pods Frameworks */,
				1F5D624C4AA5DE88BC82F1E1 /* [CP] Copy Pods Resources */,
			);
			buildRules = (
			);
			dependencies = (
			);
			name = BarangayInformationManagementSystem;
			productName = BarangayInformationManagementSystem;
			productReference = AB522B4D229D0CDD00BD7624 /* BarangayInformationManagementSystem.app */;
			productType = "com.apple.product-type.application";
		};
		AB522B63229D0CE200BD7624 /* BarangayInformationManagementSystemTests */ = {
			isa = PBXNativeTarget;
			buildConfigurationList = AB522B7B229D0CE200BD7624 /* Build configuration list for PBXNativeTarget "BarangayInformationManagementSystemTests" */;
			buildPhases = (
				3CDF03221F11F24C392E681B /* [CP] Check Pods Manifest.lock */,
				AB522B60229D0CE200BD7624 /* Sources */,
				AB522B61229D0CE200BD7624 /* Frameworks */,
				AB522B62229D0CE200BD7624 /* Resources */,
			);
			buildRules = (
			);
			dependencies = (
				AB522B66229D0CE200BD7624 /* PBXTargetDependency */,
			);
			name = BarangayInformationManagementSystemTests;
			productName = BarangayInformationManagementSystemTests;
			productReference = AB522B64229D0CE200BD7624 /* BarangayInformationManagementSystemTests.xctest */;
			productType = "com.apple.product-type.bundle.unit-test";
		};
		AB522B6E229D0CE200BD7624 /* BarangayInformationManagementSystemUITests */ = {
			isa = PBXNativeTarget;
			buildConfigurationList = AB522B7E229D0CE200BD7624 /* Build configuration list for PBXNativeTarget "BarangayInformationManagementSystemUITests" */;
			buildPhases = (
				3B00ECA45B3CEF696284A5AF /* [CP] Check Pods Manifest.lock */,
				AB522B6B229D0CE200BD7624 /* Sources */,
				AB522B6C229D0CE200BD7624 /* Frameworks */,
				AB522B6D229D0CE200BD7624 /* Resources */,
			);
			buildRules = (
			);
			dependencies = (
				AB522B71229D0CE200BD7624 /* PBXTargetDependency */,
			);
			name = BarangayInformationManagementSystemUITests;
			productName = BarangayInformationManagementSystemUITests;
			productReference = AB522B6F229D0CE200BD7624 /* BarangayInformationManagementSystemUITests.xctest */;
			productType = "com.apple.product-type.bundle.ui-testing";
		};
/* End PBXNativeTarget section */

/* Begin PBXProject section */
		AB522B45229D0CDD00BD7624 /* Project object */ = {
			isa = PBXProject;
			attributes = {
				LastSwiftUpdateCheck = 1010;
				LastUpgradeCheck = 1010;
				ORGANIZATIONNAME = "Jann Aleli Zaplan";
				TargetAttributes = {
					AB522B4C229D0CDD00BD7624 = {
						CreatedOnToolsVersion = 10.1;
						SystemCapabilities = {
							com.apple.iCloud = {
								enabled = 0;
							};
						};
					};
					AB522B63229D0CE200BD7624 = {
						CreatedOnToolsVersion = 10.1;
						TestTargetID = AB522B4C229D0CDD00BD7624;
					};
					AB522B6E229D0CE200BD7624 = {
						CreatedOnToolsVersion = 10.1;
						TestTargetID = AB522B4C229D0CDD00BD7624;
					};
				};
			};
			buildConfigurationList = AB522B48229D0CDD00BD7624 /* Build configuration list for PBXProject "BarangayInformationManagementSystem" */;
			compatibilityVersion = "Xcode 9.3";
			developmentRegion = en;
			hasScannedForEncodings = 0;
			knownRegions = (
				en,
				Base,
			);
			mainGroup = AB522B44229D0CDD00BD7624;
			productRefGroup = AB522B4E229D0CDD00BD7624 /* Products */;
			projectDirPath = "";
			projectRoot = "";
			targets = (
				AB522B4C229D0CDD00BD7624 /* BarangayInformationManagementSystem */,
				AB522B63229D0CE200BD7624 /* BarangayInformationManagementSystemTests */,
				AB522B6E229D0CE200BD7624 /* BarangayInformationManagementSystemUITests */,
			);
		};
/* End PBXProject section */

/* Begin PBXResourcesBuildPhase section */
		AB522B4B229D0CDD00BD7624 /* Resources */ = {
			isa = PBXResourcesBuildPhase;
			buildActionMask = 2147483647;
			files = (
				AB522B5E229D0CE200BD7624 /* LaunchScreen.storyboard in Resources */,
				AB9478D7233623EB00C9CA42 /* awsconfiguration.json in Resources */,
				AB522B9B229E6A7800BD7624 /* ToolsAnimation.plist in Resources */,
				AB05697B22D757E20096416E /* EmojiCell.xib in Resources */,
				AB522BC822A2B92100BD7624 /* TreeTableViewCell.xib in Resources */,
				AB522B5B229D0CE200BD7624 /* Assets.xcassets in Resources */,
				AB522B56229D0CDD00BD7624 /* Main.storyboard in Resources */,
			);
			runOnlyForDeploymentPostprocessing = 0;
		};
		AB522B62229D0CE200BD7624 /* Resources */ = {
			isa = PBXResourcesBuildPhase;
			buildActionMask = 2147483647;
			files = (
				AB522BC922A2B92100BD7624 /* TreeTableViewCell.xib in Resources */,
				AB522B9C229E6A7800BD7624 /* ToolsAnimation.plist in Resources */,
			);
			runOnlyForDeploymentPostprocessing = 0;
		};
		AB522B6D229D0CE200BD7624 /* Resources */ = {
			isa = PBXResourcesBuildPhase;
			buildActionMask = 2147483647;
			files = (
				AB522BCA22A2B92100BD7624 /* TreeTableViewCell.xib in Resources */,
				AB522B9D229E6A7800BD7624 /* ToolsAnimation.plist in Resources */,
			);
			runOnlyForDeploymentPostprocessing = 0;
		};
/* End PBXResourcesBuildPhase section */

/* Begin PBXShellScriptBuildPhase section */
		1F5D624C4AA5DE88BC82F1E1 /* [CP] Copy Pods Resources */ = {
			isa = PBXShellScriptBuildPhase;
			buildActionMask = 2147483647;
			files = (
			);
			inputFileListPaths = (
				"${PODS_ROOT}/Target Support Files/Pods-BarangayInformationManagementSystem/Pods-BarangayInformationManagementSystem-resources-${CONFIGURATION}-input-files.xcfilelist",
			);
			name = "[CP] Copy Pods Resources";
			outputFileListPaths = (
				"${PODS_ROOT}/Target Support Files/Pods-BarangayInformationManagementSystem/Pods-BarangayInformationManagementSystem-resources-${CONFIGURATION}-output-files.xcfilelist",
			);
			runOnlyForDeploymentPostprocessing = 0;
			shellPath = /bin/sh;
			shellScript = "\"${PODS_ROOT}/Target Support Files/Pods-BarangayInformationManagementSystem/Pods-BarangayInformationManagementSystem-resources.sh\"\n";
			showEnvVarsInLog = 0;
		};
		3B00ECA45B3CEF696284A5AF /* [CP] Check Pods Manifest.lock */ = {
			isa = PBXShellScriptBuildPhase;
			buildActionMask = 2147483647;
			files = (
			);
			inputFileListPaths = (
			);
			inputPaths = (
				"${PODS_PODFILE_DIR_PATH}/Podfile.lock",
				"${PODS_ROOT}/Manifest.lock",
			);
			name = "[CP] Check Pods Manifest.lock";
			outputFileListPaths = (
			);
			outputPaths = (
				"$(DERIVED_FILE_DIR)/Pods-BarangayInformationManagementSystemUITests-checkManifestLockResult.txt",
			);
			runOnlyForDeploymentPostprocessing = 0;
			shellPath = /bin/sh;
			shellScript = "diff \"${PODS_PODFILE_DIR_PATH}/Podfile.lock\" \"${PODS_ROOT}/Manifest.lock\" > /dev/null\nif [ $? != 0 ] ; then\n    # print error to STDERR\n    echo \"error: The sandbox is not in sync with the Podfile.lock. Run 'pod install' or update your CocoaPods installation.\" >&2\n    exit 1\nfi\n# This output is used by Xcode 'outputs' to avoid re-running this script phase.\necho \"SUCCESS\" > \"${SCRIPT_OUTPUT_FILE_0}\"\n";
			showEnvVarsInLog = 0;
		};
		3CDF03221F11F24C392E681B /* [CP] Check Pods Manifest.lock */ = {
			isa = PBXShellScriptBuildPhase;
			buildActionMask = 2147483647;
			files = (
			);
			inputFileListPaths = (
			);
			inputPaths = (
				"${PODS_PODFILE_DIR_PATH}/Podfile.lock",
				"${PODS_ROOT}/Manifest.lock",
			);
			name = "[CP] Check Pods Manifest.lock";
			outputFileListPaths = (
			);
			outputPaths = (
				"$(DERIVED_FILE_DIR)/Pods-BarangayInformationManagementSystemTests-checkManifestLockResult.txt",
			);
			runOnlyForDeploymentPostprocessing = 0;
			shellPath = /bin/sh;
			shellScript = "diff \"${PODS_PODFILE_DIR_PATH}/Podfile.lock\" \"${PODS_ROOT}/Manifest.lock\" > /dev/null\nif [ $? != 0 ] ; then\n    # print error to STDERR\n    echo \"error: The sandbox is not in sync with the Podfile.lock. Run 'pod install' or update your CocoaPods installation.\" >&2\n    exit 1\nfi\n# This output is used by Xcode 'outputs' to avoid re-running this script phase.\necho \"SUCCESS\" > \"${SCRIPT_OUTPUT_FILE_0}\"\n";
			showEnvVarsInLog = 0;
		};
		CA2880AB385BFD78A6C595F9 /* [CP] Check Pods Manifest.lock */ = {
			isa = PBXShellScriptBuildPhase;
			buildActionMask = 2147483647;
			files = (
			);
			inputFileListPaths = (
			);
			inputPaths = (
				"${PODS_PODFILE_DIR_PATH}/Podfile.lock",
				"${PODS_ROOT}/Manifest.lock",
			);
			name = "[CP] Check Pods Manifest.lock";
			outputFileListPaths = (
			);
			outputPaths = (
				"$(DERIVED_FILE_DIR)/Pods-BarangayInformationManagementSystem-checkManifestLockResult.txt",
			);
			runOnlyForDeploymentPostprocessing = 0;
			shellPath = /bin/sh;
			shellScript = "diff \"${PODS_PODFILE_DIR_PATH}/Podfile.lock\" \"${PODS_ROOT}/Manifest.lock\" > /dev/null\nif [ $? != 0 ] ; then\n    # print error to STDERR\n    echo \"error: The sandbox is not in sync with the Podfile.lock. Run 'pod install' or update your CocoaPods installation.\" >&2\n    exit 1\nfi\n# This output is used by Xcode 'outputs' to avoid re-running this script phase.\necho \"SUCCESS\" > \"${SCRIPT_OUTPUT_FILE_0}\"\n";
			showEnvVarsInLog = 0;
		};
		F93D6245BCAC4356B9048095 /* [CP] Embed Pods Frameworks */ = {
			isa = PBXShellScriptBuildPhase;
			buildActionMask = 2147483647;
			files = (
			);
			inputFileListPaths = (
				"${PODS_ROOT}/Target Support Files/Pods-BarangayInformationManagementSystem/Pods-BarangayInformationManagementSystem-frameworks-${CONFIGURATION}-input-files.xcfilelist",
			);
			name = "[CP] Embed Pods Frameworks";
			outputFileListPaths = (
				"${PODS_ROOT}/Target Support Files/Pods-BarangayInformationManagementSystem/Pods-BarangayInformationManagementSystem-frameworks-${CONFIGURATION}-output-files.xcfilelist",
			);
			runOnlyForDeploymentPostprocessing = 0;
			shellPath = /bin/sh;
			shellScript = "\"${PODS_ROOT}/Target Support Files/Pods-BarangayInformationManagementSystem/Pods-BarangayInformationManagementSystem-frameworks.sh\"\n";
			showEnvVarsInLog = 0;
		};
/* End PBXShellScriptBuildPhase section */

/* Begin PBXSourcesBuildPhase section */
		AB522B49229D0CDD00BD7624 /* Sources */ = {
			isa = PBXSourcesBuildPhase;
			buildActionMask = 2147483647;
			files = (
				AB05D5CC22E3037A00D60F45 /* JSONEncodableEncoding.swift in Sources */,
				AB06911222DA0B16004E1881 /* TabBarController.swift in Sources */,
				AB488ED722DB0D8C00E15073 /* EventsModel.swift in Sources */,
				AB522BCC22A2BA3B00BD7624 /* DataObject.swift in Sources */,
				AB44B20222D8CAAD0023C6A5 /* FloatLabelTextField_rename.swift in Sources */,
				AB06917522DABA91004E1881 /* Events.swift in Sources */,
				AB05695F22D4025A0096416E /* ComplaintsDetail.swift in Sources */,
				AB05695522D3806B0096416E /* TableCell.swift in Sources */,
				AB05697922D754C20096416E /* ImageRow.swift in Sources */,
				AB06911622DA19E6004E1881 /* CheckStatus.swift in Sources */,
				AB05697D22D758200096416E /* CustomCells.swift in Sources */,
				AB05D5DA22E3037A00D60F45 /* BarangayUserArray.swift in Sources */,
				AB05D5D822E3037A00D60F45 /* BarangayPermitModel.swift in Sources */,
				AB05D5D222E3037A00D60F45 /* BarangayEventModel.swift in Sources */,
				AB05695B22D3FBC70096416E /* EventsViewController.swift in Sources */,
				AB05D5E122E3037A00D60F45 /* Models.swift in Sources */,
				AB05D5D722E3037A00D60F45 /* BarangayAttachmentModel.swift in Sources */,
				AB05D5DE22E3037A00D60F45 /* DefaultAPI.swift in Sources */,
				AB3A4E5722C6D6D100B82A4F /* Clearance.swift in Sources */,
				AB84029B22D1909F002B2842 /* AWSS3Uploader.swift in Sources */,
				AB522B59229D0CDD00BD7624 /* BarangayInformationManagementSystem.xcdatamodeld in Sources */,
				AB05698122D7F0AA0096416E /* ComplaintCategory.swift in Sources */,
				AB522BC422A2B70900BD7624 /* TreeTableViewCell.swift in Sources */,
				AB06917922DADD63004E1881 /* AWSS3Downloader.swift in Sources */,
				AB9478DA233ED4B400C9CA42 /* ConfirmSignUp.swift in Sources */,
				AB05D5E322E32FBB00D60F45 /* TableCell_Status.swift in Sources */,
				AB05D5B322E09F2C00D60F45 /* BarangayUtil.swift in Sources */,
				AB05694F22D36DC70096416E /* NewsViewController.swift in Sources */,
				AB05D5CD22E3037A00D60F45 /* Configuration.swift in Sources */,
				AB05697422D6A03C0096416E /* RegisterUser.swift in Sources */,
				AB522B51229D0CDD00BD7624 /* AppDelegate.swift in Sources */,
				AB44B20622D8DD980023C6A5 /* Login.swift in Sources */,
				AB05D5CE22E3037A00D60F45 /* APIs.swift in Sources */,
				AB3A4E5322C6D62F00B82A4F /* NewsEventsView.swift in Sources */,
				AB05D5DD22E3037A00D60F45 /* BarangayDocumentModel.swift in Sources */,
				AB05697822D754C20096416E /* ImagePickerController.swift in Sources */,
				AB05D5D922E3037A00D60F45 /* BarangayPermitArray.swift in Sources */,
				AB068FDE22D9C26B004E1881 /* Artwork.swift in Sources */,
				AB05D5DC22E3037A00D60F45 /* BarangayDocumentArray.swift in Sources */,
				AB05D5E022E3037A00D60F45 /* JSONEncodingHelper.swift in Sources */,
				AB05D5DB22E3037A00D60F45 /* BarangayUserModel.swift in Sources */,
				AB05D5D422E3037A00D60F45 /* Empty.swift in Sources */,
				AB05D5D022E3037A00D60F45 /* APIHelper.swift in Sources */,
				AB2D868C23B73E9D00BC0838 /* Status.swift in Sources */,
				AB32BEB622F076B100E06998 /* Colors.swift in Sources */,
				ABB7A49422EBFC5700004AE0 /* Onboarding.swift in Sources */,
				AB44B20422D8D0460023C6A5 /* FirstControllerView.swift in Sources */,
				AB05D5D622E3037A00D60F45 /* BarangayComplaintModel.swift in Sources */,
				AB522BC022A2655C00BD7624 /* FirstViewController.swift in Sources */,
				AB3A4E5922C6D6EF00B82A4F /* ComplaintsManagement.swift in Sources */,
				AB7CC8B923292FEF001D9765 /* EmergencyViewController.swift in Sources */,
				AB3540B322A90F340033F104 /* DateCell.swift in Sources */,
				AB068FDB22D9BF87004E1881 /* BarangayClearance.swift in Sources */,
				AB3540B722A951F30033F104 /* DateHeader.swift in Sources */,
				AB05D5CF22E3037A00D60F45 /* Extensions.swift in Sources */,
				AB05D5D522E3037A00D60F45 /* BarangayComplaintArray.swift in Sources */,
				AB05D5D122E3037A00D60F45 /* AlamofireImplementations.swift in Sources */,
				AB05696722D4D4950096416E /* PhotoPicker.swift in Sources */,
				AB068FDF22D9C26B004E1881 /* Recipe.swift in Sources */,
				AB05696A22D61EF20096416E /* BusinessPermits.swift in Sources */,
				AB05695122D36E950096416E /* DetailViewController.swift in Sources */,
				AB05D5DF22E3037A00D60F45 /* CodableHelper.swift in Sources */,
				AB05D5D322E3037A00D60F45 /* BarangayEventArray.swift in Sources */,
				ABDDD11E22E9FF4F00E17D9E /* StackView.swift in Sources */,
			);
			runOnlyForDeploymentPostprocessing = 0;
		};
		AB522B60229D0CE200BD7624 /* Sources */ = {
			isa = PBXSourcesBuildPhase;
			buildActionMask = 2147483647;
			files = (
				AB06917A22DADD63004E1881 /* AWSS3Downloader.swift in Sources */,
				AB522BCD22A2BA3B00BD7624 /* DataObject.swift in Sources */,
				AB3540B822A951F30033F104 /* DateHeader.swift in Sources */,
				AB522BC522A2B70900BD7624 /* TreeTableViewCell.swift in Sources */,
				AB2D868923B7109E00BC0838 /* TableCell_Status.swift in Sources */,
				AB522B69229D0CE200BD7624 /* BarangayInformationManagementSystemTests.swift in Sources */,
				AB06911722DA19E6004E1881 /* CheckStatus.swift in Sources */,
				AB06917622DABA91004E1881 /* Events.swift in Sources */,
				AB522BC122A2655C00BD7624 /* FirstViewController.swift in Sources */,
				AB2D868D23B7461500BC0838 /* Status.swift in Sources */,
				AB06911322DA0B16004E1881 /* TabBarController.swift in Sources */,
				AB3540B422A90F340033F104 /* DateCell.swift in Sources */,
				AB2D868723B70DC400BC0838 /* Recipe.swift in Sources */,
			);
			runOnlyForDeploymentPostprocessing = 0;
		};
		AB522B6B229D0CE200BD7624 /* Sources */ = {
			isa = PBXSourcesBuildPhase;
			buildActionMask = 2147483647;
			files = (
				AB06917B22DADD63004E1881 /* AWSS3Downloader.swift in Sources */,
				AB522BCE22A2BA3B00BD7624 /* DataObject.swift in Sources */,
				AB3540B922A951F30033F104 /* DateHeader.swift in Sources */,
				AB522BC622A2B70900BD7624 /* TreeTableViewCell.swift in Sources */,
				AB2D868A23B7109E00BC0838 /* TableCell_Status.swift in Sources */,
				AB522B74229D0CE200BD7624 /* BarangayInformationManagementSystemUITests.swift in Sources */,
				AB06911822DA19E6004E1881 /* CheckStatus.swift in Sources */,
				AB06917722DABA91004E1881 /* Events.swift in Sources */,
				AB522BC222A2655C00BD7624 /* FirstViewController.swift in Sources */,
				AB2D868E23B7461500BC0838 /* Status.swift in Sources */,
				AB06911422DA0B16004E1881 /* TabBarController.swift in Sources */,
				AB3540B522A90F340033F104 /* DateCell.swift in Sources */,
				AB2D868823B70DC400BC0838 /* Recipe.swift in Sources */,
			);
			runOnlyForDeploymentPostprocessing = 0;
		};
/* End PBXSourcesBuildPhase section */

/* Begin PBXTargetDependency section */
		AB522B66229D0CE200BD7624 /* PBXTargetDependency */ = {
			isa = PBXTargetDependency;
			target = AB522B4C229D0CDD00BD7624 /* BarangayInformationManagementSystem */;
			targetProxy = AB522B65229D0CE200BD7624 /* PBXContainerItemProxy */;
		};
		AB522B71229D0CE200BD7624 /* PBXTargetDependency */ = {
			isa = PBXTargetDependency;
			target = AB522B4C229D0CDD00BD7624 /* BarangayInformationManagementSystem */;
			targetProxy = AB522B70229D0CE200BD7624 /* PBXContainerItemProxy */;
		};
/* End PBXTargetDependency section */

/* Begin PBXVariantGroup section */
		AB522B54229D0CDD00BD7624 /* Main.storyboard */ = {
			isa = PBXVariantGroup;
			children = (
				AB522B55229D0CDD00BD7624 /* Base */,
			);
			name = Main.storyboard;
			sourceTree = "<group>";
		};
		AB522B5C229D0CE200BD7624 /* LaunchScreen.storyboard */ = {
			isa = PBXVariantGroup;
			children = (
				AB522B5D229D0CE200BD7624 /* Base */,
			);
			name = LaunchScreen.storyboard;
			sourceTree = "<group>";
		};
/* End PBXVariantGroup section */

/* Begin XCBuildConfiguration section */
		AB522B76229D0CE200BD7624 /* Debug */ = {
			isa = XCBuildConfiguration;
			buildSettings = {
				ALWAYS_SEARCH_USER_PATHS = NO;
				CLANG_ANALYZER_NONNULL = YES;
				CLANG_ANALYZER_NUMBER_OBJECT_CONVERSION = YES_AGGRESSIVE;
				CLANG_CXX_LANGUAGE_STANDARD = "gnu++14";
				CLANG_CXX_LIBRARY = "libc++";
				CLANG_ENABLE_MODULES = YES;
				CLANG_ENABLE_OBJC_ARC = YES;
				CLANG_ENABLE_OBJC_WEAK = YES;
				CLANG_WARN_BLOCK_CAPTURE_AUTORELEASING = YES;
				CLANG_WARN_BOOL_CONVERSION = YES;
				CLANG_WARN_COMMA = YES;
				CLANG_WARN_CONSTANT_CONVERSION = YES;
				CLANG_WARN_DEPRECATED_OBJC_IMPLEMENTATIONS = YES;
				CLANG_WARN_DIRECT_OBJC_ISA_USAGE = YES_ERROR;
				CLANG_WARN_DOCUMENTATION_COMMENTS = YES;
				CLANG_WARN_EMPTY_BODY = YES;
				CLANG_WARN_ENUM_CONVERSION = YES;
				CLANG_WARN_INFINITE_RECURSION = YES;
				CLANG_WARN_INT_CONVERSION = YES;
				CLANG_WARN_NON_LITERAL_NULL_CONVERSION = YES;
				CLANG_WARN_OBJC_IMPLICIT_RETAIN_SELF = YES;
				CLANG_WARN_OBJC_LITERAL_CONVERSION = YES;
				CLANG_WARN_OBJC_ROOT_CLASS = YES_ERROR;
				CLANG_WARN_RANGE_LOOP_ANALYSIS = YES;
				CLANG_WARN_STRICT_PROTOTYPES = YES;
				CLANG_WARN_SUSPICIOUS_MOVE = YES;
				CLANG_WARN_UNGUARDED_AVAILABILITY = YES_AGGRESSIVE;
				CLANG_WARN_UNREACHABLE_CODE = YES;
				CLANG_WARN__DUPLICATE_METHOD_MATCH = YES;
				CODE_SIGN_IDENTITY = "iPhone Developer";
				COPY_PHASE_STRIP = NO;
				DEBUG_INFORMATION_FORMAT = dwarf;
				ENABLE_STRICT_OBJC_MSGSEND = YES;
				ENABLE_TESTABILITY = YES;
				GCC_C_LANGUAGE_STANDARD = gnu11;
				GCC_DYNAMIC_NO_PIC = NO;
				GCC_NO_COMMON_BLOCKS = YES;
				GCC_OPTIMIZATION_LEVEL = 0;
				GCC_PREPROCESSOR_DEFINITIONS = (
					"DEBUG=1",
					"$(inherited)",
				);
				GCC_WARN_64_TO_32_BIT_CONVERSION = YES;
				GCC_WARN_ABOUT_RETURN_TYPE = YES_ERROR;
				GCC_WARN_UNDECLARED_SELECTOR = YES;
				GCC_WARN_UNINITIALIZED_AUTOS = YES_AGGRESSIVE;
				GCC_WARN_UNUSED_FUNCTION = YES;
				GCC_WARN_UNUSED_VARIABLE = YES;
				IPHONEOS_DEPLOYMENT_TARGET = 12.1;
				MTL_ENABLE_DEBUG_INFO = INCLUDE_SOURCE;
				MTL_FAST_MATH = YES;
				ONLY_ACTIVE_ARCH = YES;
				SDKROOT = iphoneos;
				SWIFT_ACTIVE_COMPILATION_CONDITIONS = DEBUG;
				SWIFT_OPTIMIZATION_LEVEL = "-Onone";
			};
			name = Debug;
		};
		AB522B77229D0CE200BD7624 /* Release */ = {
			isa = XCBuildConfiguration;
			buildSettings = {
				ALWAYS_SEARCH_USER_PATHS = NO;
				CLANG_ANALYZER_NONNULL = YES;
				CLANG_ANALYZER_NUMBER_OBJECT_CONVERSION = YES_AGGRESSIVE;
				CLANG_CXX_LANGUAGE_STANDARD = "gnu++14";
				CLANG_CXX_LIBRARY = "libc++";
				CLANG_ENABLE_MODULES = YES;
				CLANG_ENABLE_OBJC_ARC = YES;
				CLANG_ENABLE_OBJC_WEAK = YES;
				CLANG_WARN_BLOCK_CAPTURE_AUTORELEASING = YES;
				CLANG_WARN_BOOL_CONVERSION = YES;
				CLANG_WARN_COMMA = YES;
				CLANG_WARN_CONSTANT_CONVERSION = YES;
				CLANG_WARN_DEPRECATED_OBJC_IMPLEMENTATIONS = YES;
				CLANG_WARN_DIRECT_OBJC_ISA_USAGE = YES_ERROR;
				CLANG_WARN_DOCUMENTATION_COMMENTS = YES;
				CLANG_WARN_EMPTY_BODY = YES;
				CLANG_WARN_ENUM_CONVERSION = YES;
				CLANG_WARN_INFINITE_RECURSION = YES;
				CLANG_WARN_INT_CONVERSION = YES;
				CLANG_WARN_NON_LITERAL_NULL_CONVERSION = YES;
				CLANG_WARN_OBJC_IMPLICIT_RETAIN_SELF = YES;
				CLANG_WARN_OBJC_LITERAL_CONVERSION = YES;
				CLANG_WARN_OBJC_ROOT_CLASS = YES_ERROR;
				CLANG_WARN_RANGE_LOOP_ANALYSIS = YES;
				CLANG_WARN_STRICT_PROTOTYPES = YES;
				CLANG_WARN_SUSPICIOUS_MOVE = YES;
				CLANG_WARN_UNGUARDED_AVAILABILITY = YES_AGGRESSIVE;
				CLANG_WARN_UNREACHABLE_CODE = YES;
				CLANG_WARN__DUPLICATE_METHOD_MATCH = YES;
				CODE_SIGN_IDENTITY = "iPhone Developer";
				COPY_PHASE_STRIP = NO;
				DEBUG_INFORMATION_FORMAT = "dwarf-with-dsym";
				ENABLE_NS_ASSERTIONS = NO;
				ENABLE_STRICT_OBJC_MSGSEND = YES;
				GCC_C_LANGUAGE_STANDARD = gnu11;
				GCC_NO_COMMON_BLOCKS = YES;
				GCC_WARN_64_TO_32_BIT_CONVERSION = YES;
				GCC_WARN_ABOUT_RETURN_TYPE = YES_ERROR;
				GCC_WARN_UNDECLARED_SELECTOR = YES;
				GCC_WARN_UNINITIALIZED_AUTOS = YES_AGGRESSIVE;
				GCC_WARN_UNUSED_FUNCTION = YES;
				GCC_WARN_UNUSED_VARIABLE = YES;
				IPHONEOS_DEPLOYMENT_TARGET = 12.1;
				MTL_ENABLE_DEBUG_INFO = NO;
				MTL_FAST_MATH = YES;
				SDKROOT = iphoneos;
				SWIFT_COMPILATION_MODE = wholemodule;
				SWIFT_OPTIMIZATION_LEVEL = "-O";
				VALIDATE_PRODUCT = YES;
			};
			name = Release;
		};
		AB522B79229D0CE200BD7624 /* Debug */ = {
			isa = XCBuildConfiguration;
			baseConfigurationReference = 3AAB8C92DEC476B5092022CB /* Pods-BarangayInformationManagementSystem.debug.xcconfig */;
			buildSettings = {
				ASSETCATALOG_COMPILER_APPICON_NAME = AppIcon;
				CODE_SIGN_STYLE = Automatic;
				DEVELOPMENT_TEAM = Z969BXL62D;
				INFOPLIST_FILE = BarangayInformationManagementSystem/Info.plist;
				LD_RUNPATH_SEARCH_PATHS = (
					"$(inherited)",
					"@executable_path/Frameworks",
				);
				PRODUCT_BUNDLE_IDENTIFIER = com.lomadegato.barangaymobileapp;
				PRODUCT_NAME = "$(TARGET_NAME)";
				SWIFT_VERSION = 4.2;
				TARGETED_DEVICE_FAMILY = "1,2";
			};
			name = Debug;
		};
		AB522B7A229D0CE200BD7624 /* Release */ = {
			isa = XCBuildConfiguration;
			baseConfigurationReference = 3117F215C70BBA663D7FB3EC /* Pods-BarangayInformationManagementSystem.release.xcconfig */;
			buildSettings = {
				ASSETCATALOG_COMPILER_APPICON_NAME = AppIcon;
				CODE_SIGN_STYLE = Automatic;
				DEVELOPMENT_TEAM = Z969BXL62D;
				INFOPLIST_FILE = BarangayInformationManagementSystem/Info.plist;
				LD_RUNPATH_SEARCH_PATHS = (
					"$(inherited)",
					"@executable_path/Frameworks",
				);
				PRODUCT_BUNDLE_IDENTIFIER = com.lomadegato.barangaymobileapp;
				PRODUCT_NAME = "$(TARGET_NAME)";
				SWIFT_VERSION = 4.2;
				TARGETED_DEVICE_FAMILY = "1,2";
			};
			name = Release;
		};
		AB522B7C229D0CE200BD7624 /* Debug */ = {
			isa = XCBuildConfiguration;
			baseConfigurationReference = F510B2F148FC69EF1F2AF377 /* Pods-BarangayInformationManagementSystemTests.debug.xcconfig */;
			buildSettings = {
				ALWAYS_EMBED_SWIFT_STANDARD_LIBRARIES = YES;
				BUNDLE_LOADER = "$(TEST_HOST)";
				CODE_SIGN_STYLE = Automatic;
				DEVELOPMENT_TEAM = J688YA85GR;
				INFOPLIST_FILE = BarangayInformationManagementSystemTests/Info.plist;
				LD_RUNPATH_SEARCH_PATHS = (
					"$(inherited)",
					"@executable_path/Frameworks",
					"@loader_path/Frameworks",
				);
				PRODUCT_BUNDLE_IDENTIFIER = com.team.BarangayInformationManagementSystemTests;
				PRODUCT_NAME = "$(TARGET_NAME)";
				SWIFT_VERSION = 4.2;
				TARGETED_DEVICE_FAMILY = "1,2";
				TEST_HOST = "$(BUILT_PRODUCTS_DIR)/BarangayInformationManagementSystem.app/BarangayInformationManagementSystem";
			};
			name = Debug;
		};
		AB522B7D229D0CE200BD7624 /* Release */ = {
			isa = XCBuildConfiguration;
			baseConfigurationReference = 14F2C21D1ABB1306EA609A3E /* Pods-BarangayInformationManagementSystemTests.release.xcconfig */;
			buildSettings = {
				ALWAYS_EMBED_SWIFT_STANDARD_LIBRARIES = YES;
				BUNDLE_LOADER = "$(TEST_HOST)";
				CODE_SIGN_STYLE = Automatic;
				DEVELOPMENT_TEAM = J688YA85GR;
				INFOPLIST_FILE = BarangayInformationManagementSystemTests/Info.plist;
				LD_RUNPATH_SEARCH_PATHS = (
					"$(inherited)",
					"@executable_path/Frameworks",
					"@loader_path/Frameworks",
				);
				PRODUCT_BUNDLE_IDENTIFIER = com.team.BarangayInformationManagementSystemTests;
				PRODUCT_NAME = "$(TARGET_NAME)";
				SWIFT_VERSION = 4.2;
				TARGETED_DEVICE_FAMILY = "1,2";
				TEST_HOST = "$(BUILT_PRODUCTS_DIR)/BarangayInformationManagementSystem.app/BarangayInformationManagementSystem";
			};
			name = Release;
		};
		AB522B7F229D0CE200BD7624 /* Debug */ = {
			isa = XCBuildConfiguration;
			baseConfigurationReference = 120B333F1086356DDF07BF95 /* Pods-BarangayInformationManagementSystemUITests.debug.xcconfig */;
			buildSettings = {
				ALWAYS_EMBED_SWIFT_STANDARD_LIBRARIES = YES;
				CODE_SIGN_STYLE = Automatic;
				DEVELOPMENT_TEAM = J688YA85GR;
				INFOPLIST_FILE = BarangayInformationManagementSystemUITests/Info.plist;
				LD_RUNPATH_SEARCH_PATHS = (
					"$(inherited)",
					"@executable_path/Frameworks",
					"@loader_path/Frameworks",
				);
				PRODUCT_BUNDLE_IDENTIFIER = com.team.BarangayInformationManagementSystemUITests;
				PRODUCT_NAME = "$(TARGET_NAME)";
				SWIFT_VERSION = 4.2;
				TARGETED_DEVICE_FAMILY = "1,2";
				TEST_TARGET_NAME = BarangayInformationManagementSystem;
			};
			name = Debug;
		};
		AB522B80229D0CE200BD7624 /* Release */ = {
			isa = XCBuildConfiguration;
			baseConfigurationReference = EC9B424807F4770CE8759653 /* Pods-BarangayInformationManagementSystemUITests.release.xcconfig */;
			buildSettings = {
				ALWAYS_EMBED_SWIFT_STANDARD_LIBRARIES = YES;
				CODE_SIGN_STYLE = Automatic;
				DEVELOPMENT_TEAM = J688YA85GR;
				INFOPLIST_FILE = BarangayInformationManagementSystemUITests/Info.plist;
				LD_RUNPATH_SEARCH_PATHS = (
					"$(inherited)",
					"@executable_path/Frameworks",
					"@loader_path/Frameworks",
				);
				PRODUCT_BUNDLE_IDENTIFIER = com.team.BarangayInformationManagementSystemUITests;
				PRODUCT_NAME = "$(TARGET_NAME)";
				SWIFT_VERSION = 4.2;
				TARGETED_DEVICE_FAMILY = "1,2";
				TEST_TARGET_NAME = BarangayInformationManagementSystem;
			};
			name = Release;
		};
/* End XCBuildConfiguration section */

/* Begin XCConfigurationList section */
		AB522B48229D0CDD00BD7624 /* Build configuration list for PBXProject "BarangayInformationManagementSystem" */ = {
			isa = XCConfigurationList;
			buildConfigurations = (
				AB522B76229D0CE200BD7624 /* Debug */,
				AB522B77229D0CE200BD7624 /* Release */,
			);
			defaultConfigurationIsVisible = 0;
			defaultConfigurationName = Release;
		};
		AB522B78229D0CE200BD7624 /* Build configuration list for PBXNativeTarget "BarangayInformationManagementSystem" */ = {
			isa = XCConfigurationList;
			buildConfigurations = (
				AB522B79229D0CE200BD7624 /* Debug */,
				AB522B7A229D0CE200BD7624 /* Release */,
			);
			defaultConfigurationIsVisible = 0;
			defaultConfigurationName = Release;
		};
		AB522B7B229D0CE200BD7624 /* Build configuration list for PBXNativeTarget "BarangayInformationManagementSystemTests" */ = {
			isa = XCConfigurationList;
			buildConfigurations = (
				AB522B7C229D0CE200BD7624 /* Debug */,
				AB522B7D229D0CE200BD7624 /* Release */,
			);
			defaultConfigurationIsVisible = 0;
			defaultConfigurationName = Release;
		};
		AB522B7E229D0CE200BD7624 /* Build configuration list for PBXNativeTarget "BarangayInformationManagementSystemUITests" */ = {
			isa = XCConfigurationList;
			buildConfigurations = (
				AB522B7F229D0CE200BD7624 /* Debug */,
				AB522B80229D0CE200BD7624 /* Release */,
			);
			defaultConfigurationIsVisible = 0;
			defaultConfigurationName = Release;
		};
/* End XCConfigurationList section */

/* Begin XCVersionGroup section */
		AB522B57229D0CDD00BD7624 /* BarangayInformationManagementSystem.xcdatamodeld */ = {
			isa = XCVersionGroup;
			children = (
				AB522B58229D0CDD00BD7624 /* BarangayInformationManagementSystem.xcdatamodel */,
			);
			currentVersion = AB522B58229D0CDD00BD7624 /* BarangayInformationManagementSystem.xcdatamodel */;
			path = BarangayInformationManagementSystem.xcdatamodeld;
			sourceTree = "<group>";
			versionGroupType = wrapper.xcdatamodel;
		};
/* End XCVersionGroup section */
	};
	rootObject = AB522B45229D0CDD00BD7624 /* Project object */;
}
